// !$*UTF8*$!
{
	archiveVersion = 1;
	classes = {
	};
	objectVersion = 46;
	objects = {

/* Begin PBXBuildFile section */
		66820BA61420BF3600059755 /* QuartzCore.framework in Frameworks */ = {isa = PBXBuildFile; fileRef = 66820BA51420BF3600059755 /* QuartzCore.framework */; };
		66820BA81420BF3600059755 /* OpenGLES.framework in Frameworks */ = {isa = PBXBuildFile; fileRef = 66820BA71420BF3600059755 /* OpenGLES.framework */; };
		66820BAA1420BF3600059755 /* OpenAL.framework in Frameworks */ = {isa = PBXBuildFile; fileRef = 66820BA91420BF3600059755 /* OpenAL.framework */; };
		66820BAC1420BF3600059755 /* AudioToolbox.framework in Frameworks */ = {isa = PBXBuildFile; fileRef = 66820BAB1420BF3600059755 /* AudioToolbox.framework */; };
		66820BAE1420BF3600059755 /* AVFoundation.framework in Frameworks */ = {isa = PBXBuildFile; fileRef = 66820BAD1420BF3600059755 /* AVFoundation.framework */; };
		66820BB01420BF3600059755 /* UIKit.framework in Frameworks */ = {isa = PBXBuildFile; fileRef = 66820BAF1420BF3600059755 /* UIKit.framework */; };
		66820BB21420BF3600059755 /* Foundation.framework in Frameworks */ = {isa = PBXBuildFile; fileRef = 66820BB11420BF3600059755 /* Foundation.framework */; };
		66820BB41420BF3600059755 /* CoreGraphics.framework in Frameworks */ = {isa = PBXBuildFile; fileRef = 66820BB31420BF3600059755 /* CoreGraphics.framework */; };
		66820BB81420BF3600059755 /* Default.png in Resources */ = {isa = PBXBuildFile; fileRef = 66820BB71420BF3600059755 /* Default.png */; };
		66820BBA1420BF3600059755 /* fps_images.png in Resources */ = {isa = PBXBuildFile; fileRef = 66820BB91420BF3600059755 /* fps_images.png */; };
		66820BBC1420BF3600059755 /* Icon-72.png in Resources */ = {isa = PBXBuildFile; fileRef = 66820BBB1420BF3600059755 /* Icon-72.png */; };
		66820BBE1420BF3600059755 /* Icon-Small-50.png in Resources */ = {isa = PBXBuildFile; fileRef = 66820BBD1420BF3600059755 /* Icon-Small-50.png */; };
		66820BC01420BF3600059755 /* Icon-Small.png in Resources */ = {isa = PBXBuildFile; fileRef = 66820BBF1420BF3600059755 /* Icon-Small.png */; };
		66820BC21420BF3600059755 /* Icon-Small@2x.png in Resources */ = {isa = PBXBuildFile; fileRef = 66820BC11420BF3600059755 /* Icon-Small@2x.png */; };
		66820BC41420BF3600059755 /* Icon.png in Resources */ = {isa = PBXBuildFile; fileRef = 66820BC31420BF3600059755 /* Icon.png */; };
		66820BC61420BF3600059755 /* Icon@2x.png in Resources */ = {isa = PBXBuildFile; fileRef = 66820BC51420BF3600059755 /* Icon@2x.png */; };
		66820BC91420BF3600059755 /* iTunesArtwork in Resources */ = {isa = PBXBuildFile; fileRef = 66820BC81420BF3600059755 /* iTunesArtwork */; };
		66820BCD1420BF3600059755 /* CCAction.m in Sources */ = {isa = PBXBuildFile; fileRef = 66820BCC1420BF3600059755 /* CCAction.m */; };
		66820BD01420BF3600059755 /* CCActionCamera.m in Sources */ = {isa = PBXBuildFile; fileRef = 66820BCF1420BF3600059755 /* CCActionCamera.m */; };
		66820BD31420BF3600059755 /* CCActionEase.m in Sources */ = {isa = PBXBuildFile; fileRef = 66820BD21420BF3600059755 /* CCActionEase.m */; };
		66820BD61420BF3600059755 /* CCActionGrid.m in Sources */ = {isa = PBXBuildFile; fileRef = 66820BD51420BF3600059755 /* CCActionGrid.m */; };
		66820BD91420BF3600059755 /* CCActionGrid3D.m in Sources */ = {isa = PBXBuildFile; fileRef = 66820BD81420BF3600059755 /* CCActionGrid3D.m */; };
		66820BDC1420BF3600059755 /* CCActionInstant.m in Sources */ = {isa = PBXBuildFile; fileRef = 66820BDB1420BF3600059755 /* CCActionInstant.m */; };
		66820BDF1420BF3600059755 /* CCActionInterval.m in Sources */ = {isa = PBXBuildFile; fileRef = 66820BDE1420BF3600059755 /* CCActionInterval.m */; };
		66820BE21420BF3600059755 /* CCActionManager.m in Sources */ = {isa = PBXBuildFile; fileRef = 66820BE11420BF3600059755 /* CCActionManager.m */; };
		66820BE51420BF3700059755 /* CCActionPageTurn3D.m in Sources */ = {isa = PBXBuildFile; fileRef = 66820BE41420BF3700059755 /* CCActionPageTurn3D.m */; };
		66820BE81420BF3700059755 /* CCActionProgressTimer.m in Sources */ = {isa = PBXBuildFile; fileRef = 66820BE71420BF3700059755 /* CCActionProgressTimer.m */; };
		66820BEB1420BF3700059755 /* CCActionTiledGrid.m in Sources */ = {isa = PBXBuildFile; fileRef = 66820BEA1420BF3700059755 /* CCActionTiledGrid.m */; };
		66820BEE1420BF3700059755 /* CCActionTween.m in Sources */ = {isa = PBXBuildFile; fileRef = 66820BED1420BF3700059755 /* CCActionTween.m */; };
		66820BF11420BF3700059755 /* CCAnimation.m in Sources */ = {isa = PBXBuildFile; fileRef = 66820BF01420BF3700059755 /* CCAnimation.m */; };
		66820BF41420BF3700059755 /* CCAnimationCache.m in Sources */ = {isa = PBXBuildFile; fileRef = 66820BF31420BF3700059755 /* CCAnimationCache.m */; };
		66820BF71420BF3700059755 /* CCAtlasNode.m in Sources */ = {isa = PBXBuildFile; fileRef = 66820BF61420BF3700059755 /* CCAtlasNode.m */; };
		66820BFA1420BF3700059755 /* CCBlockSupport.m in Sources */ = {isa = PBXBuildFile; fileRef = 66820BF91420BF3700059755 /* CCBlockSupport.m */; };
		66820BFD1420BF3700059755 /* CCCamera.m in Sources */ = {isa = PBXBuildFile; fileRef = 66820BFC1420BF3700059755 /* CCCamera.m */; };
		66820C011420BF3700059755 /* CCConfiguration.m in Sources */ = {isa = PBXBuildFile; fileRef = 66820C001420BF3700059755 /* CCConfiguration.m */; };
		66820C041420BF3700059755 /* CCDirector.m in Sources */ = {isa = PBXBuildFile; fileRef = 66820C031420BF3700059755 /* CCDirector.m */; };
		66820C071420BF3700059755 /* CCDrawingPrimitives.m in Sources */ = {isa = PBXBuildFile; fileRef = 66820C061420BF3700059755 /* CCDrawingPrimitives.m */; };
		66820C0A1420BF3700059755 /* CCGrabber.m in Sources */ = {isa = PBXBuildFile; fileRef = 66820C091420BF3700059755 /* CCGrabber.m */; };
		66820C0D1420BF3700059755 /* CCGrid.m in Sources */ = {isa = PBXBuildFile; fileRef = 66820C0C1420BF3700059755 /* CCGrid.m */; };
		66820C101420BF3700059755 /* CCLabelAtlas.m in Sources */ = {isa = PBXBuildFile; fileRef = 66820C0F1420BF3700059755 /* CCLabelAtlas.m */; };
		66820C131420BF3700059755 /* CCLabelBMFont.m in Sources */ = {isa = PBXBuildFile; fileRef = 66820C121420BF3700059755 /* CCLabelBMFont.m */; };
		66820C161420BF3700059755 /* CCLabelTTF.m in Sources */ = {isa = PBXBuildFile; fileRef = 66820C151420BF3700059755 /* CCLabelTTF.m */; };
		66820C191420BF3700059755 /* CCLayer.m in Sources */ = {isa = PBXBuildFile; fileRef = 66820C181420BF3700059755 /* CCLayer.m */; };
		66820C1D1420BF3700059755 /* CCMenu.m in Sources */ = {isa = PBXBuildFile; fileRef = 66820C1C1420BF3700059755 /* CCMenu.m */; };
		66820C201420BF3700059755 /* CCMenuItem.m in Sources */ = {isa = PBXBuildFile; fileRef = 66820C1F1420BF3700059755 /* CCMenuItem.m */; };
		66820C231420BF3700059755 /* CCMotionStreak.m in Sources */ = {isa = PBXBuildFile; fileRef = 66820C221420BF3700059755 /* CCMotionStreak.m */; };
		66820C261420BF3700059755 /* CCNode.m in Sources */ = {isa = PBXBuildFile; fileRef = 66820C251420BF3700059755 /* CCNode.m */; };
		66820C291420BF3700059755 /* CCParallaxNode.m in Sources */ = {isa = PBXBuildFile; fileRef = 66820C281420BF3700059755 /* CCParallaxNode.m */; };
		66820C2C1420BF3700059755 /* CCParticleExamples.m in Sources */ = {isa = PBXBuildFile; fileRef = 66820C2B1420BF3700059755 /* CCParticleExamples.m */; };
		66820C2F1420BF3700059755 /* CCParticleSystem.m in Sources */ = {isa = PBXBuildFile; fileRef = 66820C2E1420BF3700059755 /* CCParticleSystem.m */; };
		66820C321420BF3700059755 /* CCParticleSystemPoint.m in Sources */ = {isa = PBXBuildFile; fileRef = 66820C311420BF3700059755 /* CCParticleSystemPoint.m */; };
		66820C351420BF3700059755 /* CCParticleSystemQuad.m in Sources */ = {isa = PBXBuildFile; fileRef = 66820C341420BF3700059755 /* CCParticleSystemQuad.m */; };
		66820C381420BF3700059755 /* CCProgressTimer.m in Sources */ = {isa = PBXBuildFile; fileRef = 66820C371420BF3700059755 /* CCProgressTimer.m */; };
		66820C3C1420BF3800059755 /* CCRenderTexture.m in Sources */ = {isa = PBXBuildFile; fileRef = 66820C3B1420BF3800059755 /* CCRenderTexture.m */; };
		66820C3F1420BF3800059755 /* CCRibbon.m in Sources */ = {isa = PBXBuildFile; fileRef = 66820C3E1420BF3800059755 /* CCRibbon.m */; };
		66820C421420BF3800059755 /* CCScene.m in Sources */ = {isa = PBXBuildFile; fileRef = 66820C411420BF3800059755 /* CCScene.m */; };
		66820C451420BF3800059755 /* CCScheduler.m in Sources */ = {isa = PBXBuildFile; fileRef = 66820C441420BF3800059755 /* CCScheduler.m */; };
		66820C481420BF3800059755 /* CCSprite.m in Sources */ = {isa = PBXBuildFile; fileRef = 66820C471420BF3800059755 /* CCSprite.m */; };
		66820C4B1420BF3800059755 /* CCSpriteBatchNode.m in Sources */ = {isa = PBXBuildFile; fileRef = 66820C4A1420BF3800059755 /* CCSpriteBatchNode.m */; };
		66820C4E1420BF3800059755 /* CCSpriteFrame.m in Sources */ = {isa = PBXBuildFile; fileRef = 66820C4D1420BF3800059755 /* CCSpriteFrame.m */; };
		66820C511420BF3800059755 /* CCSpriteFrameCache.m in Sources */ = {isa = PBXBuildFile; fileRef = 66820C501420BF3800059755 /* CCSpriteFrameCache.m */; };
		66820C541420BF3800059755 /* CCTexture2D.m in Sources */ = {isa = PBXBuildFile; fileRef = 66820C531420BF3800059755 /* CCTexture2D.m */; };
		66820C571420BF3800059755 /* CCTextureAtlas.m in Sources */ = {isa = PBXBuildFile; fileRef = 66820C561420BF3800059755 /* CCTextureAtlas.m */; };
		66820C5A1420BF3800059755 /* CCTextureCache.m in Sources */ = {isa = PBXBuildFile; fileRef = 66820C591420BF3800059755 /* CCTextureCache.m */; };
		66820C5D1420BF3800059755 /* CCTexturePVR.m in Sources */ = {isa = PBXBuildFile; fileRef = 66820C5C1420BF3800059755 /* CCTexturePVR.m */; };
		66820C601420BF3800059755 /* CCTileMapAtlas.m in Sources */ = {isa = PBXBuildFile; fileRef = 66820C5F1420BF3800059755 /* CCTileMapAtlas.m */; };
		66820C631420BF3800059755 /* CCTMXLayer.m in Sources */ = {isa = PBXBuildFile; fileRef = 66820C621420BF3800059755 /* CCTMXLayer.m */; };
		66820C661420BF3800059755 /* CCTMXObjectGroup.m in Sources */ = {isa = PBXBuildFile; fileRef = 66820C651420BF3800059755 /* CCTMXObjectGroup.m */; };
		66820C691420BF3800059755 /* CCTMXTiledMap.m in Sources */ = {isa = PBXBuildFile; fileRef = 66820C681420BF3800059755 /* CCTMXTiledMap.m */; };
		66820C6C1420BF3800059755 /* CCTMXXMLParser.m in Sources */ = {isa = PBXBuildFile; fileRef = 66820C6B1420BF3800059755 /* CCTMXXMLParser.m */; };
		66820C6F1420BF3800059755 /* CCTransition.m in Sources */ = {isa = PBXBuildFile; fileRef = 66820C6E1420BF3800059755 /* CCTransition.m */; };
		66820C721420BF3800059755 /* CCTransitionPageTurn.m in Sources */ = {isa = PBXBuildFile; fileRef = 66820C711420BF3800059755 /* CCTransitionPageTurn.m */; };
		66820C751420BF3800059755 /* CCTransitionRadial.m in Sources */ = {isa = PBXBuildFile; fileRef = 66820C741420BF3800059755 /* CCTransitionRadial.m */; };
		66820C791420BF3800059755 /* cocos2d.m in Sources */ = {isa = PBXBuildFile; fileRef = 66820C781420BF3800059755 /* cocos2d.m */; };
		66820C7E1420BF3900059755 /* CCDirectorIOS.m in Sources */ = {isa = PBXBuildFile; fileRef = 66820C7D1420BF3900059755 /* CCDirectorIOS.m */; };
		66820C821420BF3900059755 /* CCTouchDispatcher.m in Sources */ = {isa = PBXBuildFile; fileRef = 66820C811420BF3900059755 /* CCTouchDispatcher.m */; };
		66820C851420BF3900059755 /* CCTouchHandler.m in Sources */ = {isa = PBXBuildFile; fileRef = 66820C841420BF3900059755 /* CCTouchHandler.m */; };
		66820C881420BF3900059755 /* EAGLView.m in Sources */ = {isa = PBXBuildFile; fileRef = 66820C871420BF3900059755 /* EAGLView.m */; };
		66820C8B1420BF3900059755 /* ES1Renderer.m in Sources */ = {isa = PBXBuildFile; fileRef = 66820C8A1420BF3900059755 /* ES1Renderer.m */; };
		66820C8E1420BF3900059755 /* glu.c in Sources */ = {isa = PBXBuildFile; fileRef = 66820C8D1420BF3900059755 /* glu.c */; };
		66820C921420BF3900059755 /* CCDirectorMac.m in Sources */ = {isa = PBXBuildFile; fileRef = 66820C911420BF3900059755 /* CCDirectorMac.m */; };
		66820C951420BF3900059755 /* CCEventDispatcher.m in Sources */ = {isa = PBXBuildFile; fileRef = 66820C941420BF3900059755 /* CCEventDispatcher.m */; };
		66820C981420BF3900059755 /* MacGLView.m in Sources */ = {isa = PBXBuildFile; fileRef = 66820C971420BF3900059755 /* MacGLView.m */; };
		66820C9B1420BF3900059755 /* MacWindow.m in Sources */ = {isa = PBXBuildFile; fileRef = 66820C9A1420BF3900059755 /* MacWindow.m */; };
		66820C9D1420BF3900059755 /* base64.c in Sources */ = {isa = PBXBuildFile; fileRef = 66820C9C1420BF3900059755 /* base64.c */; };
		66820CA11420BF3900059755 /* CCArray.m in Sources */ = {isa = PBXBuildFile; fileRef = 66820CA01420BF3900059755 /* CCArray.m */; };
		66820CA51420BF3900059755 /* CCFileUtils.m in Sources */ = {isa = PBXBuildFile; fileRef = 66820CA41420BF3900059755 /* CCFileUtils.m */; };
		66820CA81420BF3900059755 /* CCProfiling.m in Sources */ = {isa = PBXBuildFile; fileRef = 66820CA71420BF3900059755 /* CCProfiling.m */; };
		66820CAA1420BF3900059755 /* ccUtils.c in Sources */ = {isa = PBXBuildFile; fileRef = 66820CA91420BF3900059755 /* ccUtils.c */; };
		66820CAE1420BF3900059755 /* CGPointExtension.m in Sources */ = {isa = PBXBuildFile; fileRef = 66820CAD1420BF3900059755 /* CGPointExtension.m */; };
		66820CB21420BF3900059755 /* TGAlib.m in Sources */ = {isa = PBXBuildFile; fileRef = 66820CB11420BF3900059755 /* TGAlib.m */; };
		66820CB51420BF3900059755 /* TransformUtils.m in Sources */ = {isa = PBXBuildFile; fileRef = 66820CB41420BF3900059755 /* TransformUtils.m */; };
		66820CBA1420BF3900059755 /* ZipUtils.m in Sources */ = {isa = PBXBuildFile; fileRef = 66820CB91420BF3900059755 /* ZipUtils.m */; };
		66820CBE1420BF3A00059755 /* CDAudioManager.m in Sources */ = {isa = PBXBuildFile; fileRef = 66820CBD1420BF3A00059755 /* CDAudioManager.m */; };
		66820CC21420BF3A00059755 /* CDOpenALSupport.m in Sources */ = {isa = PBXBuildFile; fileRef = 66820CC11420BF3A00059755 /* CDOpenALSupport.m */; };
		66820CC51420BF3A00059755 /* CocosDenshion.m in Sources */ = {isa = PBXBuildFile; fileRef = 66820CC41420BF3A00059755 /* CocosDenshion.m */; };
		66820CC81420BF3A00059755 /* SimpleAudioEngine.m in Sources */ = {isa = PBXBuildFile; fileRef = 66820CC71420BF3A00059755 /* SimpleAudioEngine.m */; };
		66820CCC1420BF3A00059755 /* CLScoreServerPost.m in Sources */ = {isa = PBXBuildFile; fileRef = 66820CCB1420BF3A00059755 /* CLScoreServerPost.m */; };
		66820CCF1420BF3A00059755 /* CLScoreServerRequest.m in Sources */ = {isa = PBXBuildFile; fileRef = 66820CCE1420BF3A00059755 /* CLScoreServerRequest.m */; };
		66820CD21420BF3A00059755 /* cocoslive.m in Sources */ = {isa = PBXBuildFile; fileRef = 66820CD11420BF3A00059755 /* cocoslive.m */; };
		66820CD61420BF3A00059755 /* FontLabel.m in Sources */ = {isa = PBXBuildFile; fileRef = 66820CD51420BF3A00059755 /* FontLabel.m */; };
		66820CD91420BF3A00059755 /* FontLabelStringDrawing.m in Sources */ = {isa = PBXBuildFile; fileRef = 66820CD81420BF3A00059755 /* FontLabelStringDrawing.m */; };
		66820CDC1420BF3A00059755 /* FontManager.m in Sources */ = {isa = PBXBuildFile; fileRef = 66820CDB1420BF3A00059755 /* FontManager.m */; };
		66820CDF1420BF3A00059755 /* ZAttributedString.m in Sources */ = {isa = PBXBuildFile; fileRef = 66820CDE1420BF3A00059755 /* ZAttributedString.m */; };
		66820CE31420BF3A00059755 /* ZFont.m in Sources */ = {isa = PBXBuildFile; fileRef = 66820CE21420BF3A00059755 /* ZFont.m */; };
		66820CE71420BF3A00059755 /* CDataScanner.m in Sources */ = {isa = PBXBuildFile; fileRef = 66820CE61420BF3A00059755 /* CDataScanner.m */; };
		66820CEA1420BF3A00059755 /* CDataScanner_Extensions.m in Sources */ = {isa = PBXBuildFile; fileRef = 66820CE91420BF3A00059755 /* CDataScanner_Extensions.m */; };
		66820CED1420BF3A00059755 /* NSCharacterSet_Extensions.m in Sources */ = {isa = PBXBuildFile; fileRef = 66820CEC1420BF3A00059755 /* NSCharacterSet_Extensions.m */; };
		66820CF01420BF3A00059755 /* NSDictionary_JSONExtensions.m in Sources */ = {isa = PBXBuildFile; fileRef = 66820CEF1420BF3A00059755 /* NSDictionary_JSONExtensions.m */; };
		66820CF31420BF3A00059755 /* NSScanner_Extensions.m in Sources */ = {isa = PBXBuildFile; fileRef = 66820CF21420BF3A00059755 /* NSScanner_Extensions.m */; };
		66820CF61420BF3A00059755 /* CJSONDeserializer.m in Sources */ = {isa = PBXBuildFile; fileRef = 66820CF51420BF3A00059755 /* CJSONDeserializer.m */; };
		66820CF91420BF3A00059755 /* CJSONScanner.m in Sources */ = {isa = PBXBuildFile; fileRef = 66820CF81420BF3A00059755 /* CJSONScanner.m */; };
		66820CFC1420BF3A00059755 /* CJSONSerializer.m in Sources */ = {isa = PBXBuildFile; fileRef = 66820CFB1420BF3A00059755 /* CJSONSerializer.m */; };
		66820D001420BF3A00059755 /* main.m in Sources */ = {isa = PBXBuildFile; fileRef = 66820CFF1420BF3A00059755 /* main.m */; };
		66820D031420BF3A00059755 /* AppDelegate.m in Sources */ = {isa = PBXBuildFile; fileRef = 66820D021420BF3A00059755 /* AppDelegate.m */; };
		66820D061420BF3A00059755 /* RootViewController.m in Sources */ = {isa = PBXBuildFile; fileRef = 66820D051420BF3A00059755 /* RootViewController.m */; };
		66820D091420BF3A00059755 /* HelloWorldLayer.m in Sources */ = {isa = PBXBuildFile; fileRef = 66820D081420BF3A00059755 /* HelloWorldLayer.m */; };
/* End PBXBuildFile section */

/* Begin PBXFileReference section */
		66820BA11420BF3600059755 /* NDControlSliderExample.app */ = {isa = PBXFileReference; explicitFileType = wrapper.application; includeInIndex = 0; path = NDControlSliderExample.app; sourceTree = BUILT_PRODUCTS_DIR; };
		66820BA51420BF3600059755 /* QuartzCore.framework */ = {isa = PBXFileReference; lastKnownFileType = wrapper.framework; name = QuartzCore.framework; path = System/Library/Frameworks/QuartzCore.framework; sourceTree = SDKROOT; };
		66820BA71420BF3600059755 /* OpenGLES.framework */ = {isa = PBXFileReference; lastKnownFileType = wrapper.framework; name = OpenGLES.framework; path = System/Library/Frameworks/OpenGLES.framework; sourceTree = SDKROOT; };
		66820BA91420BF3600059755 /* OpenAL.framework */ = {isa = PBXFileReference; lastKnownFileType = wrapper.framework; name = OpenAL.framework; path = System/Library/Frameworks/OpenAL.framework; sourceTree = SDKROOT; };
		66820BAB1420BF3600059755 /* AudioToolbox.framework */ = {isa = PBXFileReference; lastKnownFileType = wrapper.framework; name = AudioToolbox.framework; path = System/Library/Frameworks/AudioToolbox.framework; sourceTree = SDKROOT; };
		66820BAD1420BF3600059755 /* AVFoundation.framework */ = {isa = PBXFileReference; lastKnownFileType = wrapper.framework; name = AVFoundation.framework; path = System/Library/Frameworks/AVFoundation.framework; sourceTree = SDKROOT; };
		66820BAF1420BF3600059755 /* UIKit.framework */ = {isa = PBXFileReference; lastKnownFileType = wrapper.framework; name = UIKit.framework; path = System/Library/Frameworks/UIKit.framework; sourceTree = SDKROOT; };
		66820BB11420BF3600059755 /* Foundation.framework */ = {isa = PBXFileReference; lastKnownFileType = wrapper.framework; name = Foundation.framework; path = System/Library/Frameworks/Foundation.framework; sourceTree = SDKROOT; };
		66820BB31420BF3600059755 /* CoreGraphics.framework */ = {isa = PBXFileReference; lastKnownFileType = wrapper.framework; name = CoreGraphics.framework; path = System/Library/Frameworks/CoreGraphics.framework; sourceTree = SDKROOT; };
		66820BB71420BF3600059755 /* Default.png */ = {isa = PBXFileReference; lastKnownFileType = image.png; name = Default.png; path = Resources/Default.png; sourceTree = "<group>"; };
		66820BB91420BF3600059755 /* fps_images.png */ = {isa = PBXFileReference; lastKnownFileType = image.png; name = fps_images.png; path = Resources/fps_images.png; sourceTree = "<group>"; };
		66820BBB1420BF3600059755 /* Icon-72.png */ = {isa = PBXFileReference; lastKnownFileType = image.png; name = "Icon-72.png"; path = "Resources/Icon-72.png"; sourceTree = "<group>"; };
		66820BBD1420BF3600059755 /* Icon-Small-50.png */ = {isa = PBXFileReference; lastKnownFileType = image.png; name = "Icon-Small-50.png"; path = "Resources/Icon-Small-50.png"; sourceTree = "<group>"; };
		66820BBF1420BF3600059755 /* Icon-Small.png */ = {isa = PBXFileReference; lastKnownFileType = image.png; name = "Icon-Small.png"; path = "Resources/Icon-Small.png"; sourceTree = "<group>"; };
		66820BC11420BF3600059755 /* Icon-Small@2x.png */ = {isa = PBXFileReference; lastKnownFileType = image.png; name = "Icon-Small@2x.png"; path = "Resources/Icon-Small@2x.png"; sourceTree = "<group>"; };
		66820BC31420BF3600059755 /* Icon.png */ = {isa = PBXFileReference; lastKnownFileType = image.png; name = Icon.png; path = Resources/Icon.png; sourceTree = "<group>"; };
		66820BC51420BF3600059755 /* Icon@2x.png */ = {isa = PBXFileReference; lastKnownFileType = image.png; name = "Icon@2x.png"; path = "Resources/Icon@2x.png"; sourceTree = "<group>"; };
		66820BC71420BF3600059755 /* Info.plist */ = {isa = PBXFileReference; name = Info.plist; path = Resources/Info.plist; sourceTree = "<group>"; };
		66820BC81420BF3600059755 /* iTunesArtwork */ = {isa = PBXFileReference; lastKnownFileType = file; name = iTunesArtwork; path = Resources/iTunesArtwork; sourceTree = "<group>"; };
		66820BCB1420BF3600059755 /* CCAction.h */ = {isa = PBXFileReference; name = CCAction.h; path = libs/cocos2d/CCAction.h; sourceTree = "<group>"; };
		66820BCC1420BF3600059755 /* CCAction.m */ = {isa = PBXFileReference; lastKnownFileType = sourcecode.c.objc; name = CCAction.m; path = libs/cocos2d/CCAction.m; sourceTree = "<group>"; };
		66820BCE1420BF3600059755 /* CCActionCamera.h */ = {isa = PBXFileReference; name = CCActionCamera.h; path = libs/cocos2d/CCActionCamera.h; sourceTree = "<group>"; };
		66820BCF1420BF3600059755 /* CCActionCamera.m */ = {isa = PBXFileReference; lastKnownFileType = sourcecode.c.objc; name = CCActionCamera.m; path = libs/cocos2d/CCActionCamera.m; sourceTree = "<group>"; };
		66820BD11420BF3600059755 /* CCActionEase.h */ = {isa = PBXFileReference; name = CCActionEase.h; path = libs/cocos2d/CCActionEase.h; sourceTree = "<group>"; };
		66820BD21420BF3600059755 /* CCActionEase.m */ = {isa = PBXFileReference; lastKnownFileType = sourcecode.c.objc; name = CCActionEase.m; path = libs/cocos2d/CCActionEase.m; sourceTree = "<group>"; };
		66820BD41420BF3600059755 /* CCActionGrid.h */ = {isa = PBXFileReference; name = CCActionGrid.h; path = libs/cocos2d/CCActionGrid.h; sourceTree = "<group>"; };
		66820BD51420BF3600059755 /* CCActionGrid.m */ = {isa = PBXFileReference; lastKnownFileType = sourcecode.c.objc; name = CCActionGrid.m; path = libs/cocos2d/CCActionGrid.m; sourceTree = "<group>"; };
		66820BD71420BF3600059755 /* CCActionGrid3D.h */ = {isa = PBXFileReference; name = CCActionGrid3D.h; path = libs/cocos2d/CCActionGrid3D.h; sourceTree = "<group>"; };
		66820BD81420BF3600059755 /* CCActionGrid3D.m */ = {isa = PBXFileReference; lastKnownFileType = sourcecode.c.objc; name = CCActionGrid3D.m; path = libs/cocos2d/CCActionGrid3D.m; sourceTree = "<group>"; };
		66820BDA1420BF3600059755 /* CCActionInstant.h */ = {isa = PBXFileReference; name = CCActionInstant.h; path = libs/cocos2d/CCActionInstant.h; sourceTree = "<group>"; };
		66820BDB1420BF3600059755 /* CCActionInstant.m */ = {isa = PBXFileReference; lastKnownFileType = sourcecode.c.objc; name = CCActionInstant.m; path = libs/cocos2d/CCActionInstant.m; sourceTree = "<group>"; };
		66820BDD1420BF3600059755 /* CCActionInterval.h */ = {isa = PBXFileReference; name = CCActionInterval.h; path = libs/cocos2d/CCActionInterval.h; sourceTree = "<group>"; };
		66820BDE1420BF3600059755 /* CCActionInterval.m */ = {isa = PBXFileReference; lastKnownFileType = sourcecode.c.objc; name = CCActionInterval.m; path = libs/cocos2d/CCActionInterval.m; sourceTree = "<group>"; };
		66820BE01420BF3600059755 /* CCActionManager.h */ = {isa = PBXFileReference; name = CCActionManager.h; path = libs/cocos2d/CCActionManager.h; sourceTree = "<group>"; };
		66820BE11420BF3600059755 /* CCActionManager.m */ = {isa = PBXFileReference; lastKnownFileType = sourcecode.c.objc; name = CCActionManager.m; path = libs/cocos2d/CCActionManager.m; sourceTree = "<group>"; };
		66820BE31420BF3700059755 /* CCActionPageTurn3D.h */ = {isa = PBXFileReference; name = CCActionPageTurn3D.h; path = libs/cocos2d/CCActionPageTurn3D.h; sourceTree = "<group>"; };
		66820BE41420BF3700059755 /* CCActionPageTurn3D.m */ = {isa = PBXFileReference; lastKnownFileType = sourcecode.c.objc; name = CCActionPageTurn3D.m; path = libs/cocos2d/CCActionPageTurn3D.m; sourceTree = "<group>"; };
		66820BE61420BF3700059755 /* CCActionProgressTimer.h */ = {isa = PBXFileReference; name = CCActionProgressTimer.h; path = libs/cocos2d/CCActionProgressTimer.h; sourceTree = "<group>"; };
		66820BE71420BF3700059755 /* CCActionProgressTimer.m */ = {isa = PBXFileReference; lastKnownFileType = sourcecode.c.objc; name = CCActionProgressTimer.m; path = libs/cocos2d/CCActionProgressTimer.m; sourceTree = "<group>"; };
		66820BE91420BF3700059755 /* CCActionTiledGrid.h */ = {isa = PBXFileReference; name = CCActionTiledGrid.h; path = libs/cocos2d/CCActionTiledGrid.h; sourceTree = "<group>"; };
		66820BEA1420BF3700059755 /* CCActionTiledGrid.m */ = {isa = PBXFileReference; lastKnownFileType = sourcecode.c.objc; name = CCActionTiledGrid.m; path = libs/cocos2d/CCActionTiledGrid.m; sourceTree = "<group>"; };
		66820BEC1420BF3700059755 /* CCActionTween.h */ = {isa = PBXFileReference; name = CCActionTween.h; path = libs/cocos2d/CCActionTween.h; sourceTree = "<group>"; };
		66820BED1420BF3700059755 /* CCActionTween.m */ = {isa = PBXFileReference; lastKnownFileType = sourcecode.c.objc; name = CCActionTween.m; path = libs/cocos2d/CCActionTween.m; sourceTree = "<group>"; };
		66820BEF1420BF3700059755 /* CCAnimation.h */ = {isa = PBXFileReference; name = CCAnimation.h; path = libs/cocos2d/CCAnimation.h; sourceTree = "<group>"; };
		66820BF01420BF3700059755 /* CCAnimation.m */ = {isa = PBXFileReference; lastKnownFileType = sourcecode.c.objc; name = CCAnimation.m; path = libs/cocos2d/CCAnimation.m; sourceTree = "<group>"; };
		66820BF21420BF3700059755 /* CCAnimationCache.h */ = {isa = PBXFileReference; name = CCAnimationCache.h; path = libs/cocos2d/CCAnimationCache.h; sourceTree = "<group>"; };
		66820BF31420BF3700059755 /* CCAnimationCache.m */ = {isa = PBXFileReference; lastKnownFileType = sourcecode.c.objc; name = CCAnimationCache.m; path = libs/cocos2d/CCAnimationCache.m; sourceTree = "<group>"; };
		66820BF51420BF3700059755 /* CCAtlasNode.h */ = {isa = PBXFileReference; name = CCAtlasNode.h; path = libs/cocos2d/CCAtlasNode.h; sourceTree = "<group>"; };
		66820BF61420BF3700059755 /* CCAtlasNode.m */ = {isa = PBXFileReference; lastKnownFileType = sourcecode.c.objc; name = CCAtlasNode.m; path = libs/cocos2d/CCAtlasNode.m; sourceTree = "<group>"; };
		66820BF81420BF3700059755 /* CCBlockSupport.h */ = {isa = PBXFileReference; name = CCBlockSupport.h; path = libs/cocos2d/CCBlockSupport.h; sourceTree = "<group>"; };
		66820BF91420BF3700059755 /* CCBlockSupport.m */ = {isa = PBXFileReference; lastKnownFileType = sourcecode.c.objc; name = CCBlockSupport.m; path = libs/cocos2d/CCBlockSupport.m; sourceTree = "<group>"; };
		66820BFB1420BF3700059755 /* CCCamera.h */ = {isa = PBXFileReference; name = CCCamera.h; path = libs/cocos2d/CCCamera.h; sourceTree = "<group>"; };
		66820BFC1420BF3700059755 /* CCCamera.m */ = {isa = PBXFileReference; lastKnownFileType = sourcecode.c.objc; name = CCCamera.m; path = libs/cocos2d/CCCamera.m; sourceTree = "<group>"; };
		66820BFE1420BF3700059755 /* ccConfig.h */ = {isa = PBXFileReference; name = ccConfig.h; path = libs/cocos2d/ccConfig.h; sourceTree = "<group>"; };
		66820BFF1420BF3700059755 /* CCConfiguration.h */ = {isa = PBXFileReference; name = CCConfiguration.h; path = libs/cocos2d/CCConfiguration.h; sourceTree = "<group>"; };
		66820C001420BF3700059755 /* CCConfiguration.m */ = {isa = PBXFileReference; lastKnownFileType = sourcecode.c.objc; name = CCConfiguration.m; path = libs/cocos2d/CCConfiguration.m; sourceTree = "<group>"; };
		66820C021420BF3700059755 /* CCDirector.h */ = {isa = PBXFileReference; name = CCDirector.h; path = libs/cocos2d/CCDirector.h; sourceTree = "<group>"; };
		66820C031420BF3700059755 /* CCDirector.m */ = {isa = PBXFileReference; lastKnownFileType = sourcecode.c.objc; name = CCDirector.m; path = libs/cocos2d/CCDirector.m; sourceTree = "<group>"; };
		66820C051420BF3700059755 /* CCDrawingPrimitives.h */ = {isa = PBXFileReference; name = CCDrawingPrimitives.h; path = libs/cocos2d/CCDrawingPrimitives.h; sourceTree = "<group>"; };
		66820C061420BF3700059755 /* CCDrawingPrimitives.m */ = {isa = PBXFileReference; lastKnownFileType = sourcecode.c.objc; name = CCDrawingPrimitives.m; path = libs/cocos2d/CCDrawingPrimitives.m; sourceTree = "<group>"; };
		66820C081420BF3700059755 /* CCGrabber.h */ = {isa = PBXFileReference; name = CCGrabber.h; path = libs/cocos2d/CCGrabber.h; sourceTree = "<group>"; };
		66820C091420BF3700059755 /* CCGrabber.m */ = {isa = PBXFileReference; lastKnownFileType = sourcecode.c.objc; name = CCGrabber.m; path = libs/cocos2d/CCGrabber.m; sourceTree = "<group>"; };
		66820C0B1420BF3700059755 /* CCGrid.h */ = {isa = PBXFileReference; name = CCGrid.h; path = libs/cocos2d/CCGrid.h; sourceTree = "<group>"; };
		66820C0C1420BF3700059755 /* CCGrid.m */ = {isa = PBXFileReference; lastKnownFileType = sourcecode.c.objc; name = CCGrid.m; path = libs/cocos2d/CCGrid.m; sourceTree = "<group>"; };
		66820C0E1420BF3700059755 /* CCLabelAtlas.h */ = {isa = PBXFileReference; name = CCLabelAtlas.h; path = libs/cocos2d/CCLabelAtlas.h; sourceTree = "<group>"; };
		66820C0F1420BF3700059755 /* CCLabelAtlas.m */ = {isa = PBXFileReference; lastKnownFileType = sourcecode.c.objc; name = CCLabelAtlas.m; path = libs/cocos2d/CCLabelAtlas.m; sourceTree = "<group>"; };
		66820C111420BF3700059755 /* CCLabelBMFont.h */ = {isa = PBXFileReference; name = CCLabelBMFont.h; path = libs/cocos2d/CCLabelBMFont.h; sourceTree = "<group>"; };
		66820C121420BF3700059755 /* CCLabelBMFont.m */ = {isa = PBXFileReference; lastKnownFileType = sourcecode.c.objc; name = CCLabelBMFont.m; path = libs/cocos2d/CCLabelBMFont.m; sourceTree = "<group>"; };
		66820C141420BF3700059755 /* CCLabelTTF.h */ = {isa = PBXFileReference; name = CCLabelTTF.h; path = libs/cocos2d/CCLabelTTF.h; sourceTree = "<group>"; };
		66820C151420BF3700059755 /* CCLabelTTF.m */ = {isa = PBXFileReference; lastKnownFileType = sourcecode.c.objc; name = CCLabelTTF.m; path = libs/cocos2d/CCLabelTTF.m; sourceTree = "<group>"; };
		66820C171420BF3700059755 /* CCLayer.h */ = {isa = PBXFileReference; name = CCLayer.h; path = libs/cocos2d/CCLayer.h; sourceTree = "<group>"; };
		66820C181420BF3700059755 /* CCLayer.m */ = {isa = PBXFileReference; lastKnownFileType = sourcecode.c.objc; name = CCLayer.m; path = libs/cocos2d/CCLayer.m; sourceTree = "<group>"; };
		66820C1A1420BF3700059755 /* ccMacros.h */ = {isa = PBXFileReference; name = ccMacros.h; path = libs/cocos2d/ccMacros.h; sourceTree = "<group>"; };
		66820C1B1420BF3700059755 /* CCMenu.h */ = {isa = PBXFileReference; name = CCMenu.h; path = libs/cocos2d/CCMenu.h; sourceTree = "<group>"; };
		66820C1C1420BF3700059755 /* CCMenu.m */ = {isa = PBXFileReference; lastKnownFileType = sourcecode.c.objc; name = CCMenu.m; path = libs/cocos2d/CCMenu.m; sourceTree = "<group>"; };
		66820C1E1420BF3700059755 /* CCMenuItem.h */ = {isa = PBXFileReference; name = CCMenuItem.h; path = libs/cocos2d/CCMenuItem.h; sourceTree = "<group>"; };
		66820C1F1420BF3700059755 /* CCMenuItem.m */ = {isa = PBXFileReference; lastKnownFileType = sourcecode.c.objc; name = CCMenuItem.m; path = libs/cocos2d/CCMenuItem.m; sourceTree = "<group>"; };
		66820C211420BF3700059755 /* CCMotionStreak.h */ = {isa = PBXFileReference; name = CCMotionStreak.h; path = libs/cocos2d/CCMotionStreak.h; sourceTree = "<group>"; };
		66820C221420BF3700059755 /* CCMotionStreak.m */ = {isa = PBXFileReference; lastKnownFileType = sourcecode.c.objc; name = CCMotionStreak.m; path = libs/cocos2d/CCMotionStreak.m; sourceTree = "<group>"; };
		66820C241420BF3700059755 /* CCNode.h */ = {isa = PBXFileReference; name = CCNode.h; path = libs/cocos2d/CCNode.h; sourceTree = "<group>"; };
		66820C251420BF3700059755 /* CCNode.m */ = {isa = PBXFileReference; lastKnownFileType = sourcecode.c.objc; name = CCNode.m; path = libs/cocos2d/CCNode.m; sourceTree = "<group>"; };
		66820C271420BF3700059755 /* CCParallaxNode.h */ = {isa = PBXFileReference; name = CCParallaxNode.h; path = libs/cocos2d/CCParallaxNode.h; sourceTree = "<group>"; };
		66820C281420BF3700059755 /* CCParallaxNode.m */ = {isa = PBXFileReference; lastKnownFileType = sourcecode.c.objc; name = CCParallaxNode.m; path = libs/cocos2d/CCParallaxNode.m; sourceTree = "<group>"; };
		66820C2A1420BF3700059755 /* CCParticleExamples.h */ = {isa = PBXFileReference; name = CCParticleExamples.h; path = libs/cocos2d/CCParticleExamples.h; sourceTree = "<group>"; };
		66820C2B1420BF3700059755 /* CCParticleExamples.m */ = {isa = PBXFileReference; lastKnownFileType = sourcecode.c.objc; name = CCParticleExamples.m; path = libs/cocos2d/CCParticleExamples.m; sourceTree = "<group>"; };
		66820C2D1420BF3700059755 /* CCParticleSystem.h */ = {isa = PBXFileReference; name = CCParticleSystem.h; path = libs/cocos2d/CCParticleSystem.h; sourceTree = "<group>"; };
		66820C2E1420BF3700059755 /* CCParticleSystem.m */ = {isa = PBXFileReference; lastKnownFileType = sourcecode.c.objc; name = CCParticleSystem.m; path = libs/cocos2d/CCParticleSystem.m; sourceTree = "<group>"; };
		66820C301420BF3700059755 /* CCParticleSystemPoint.h */ = {isa = PBXFileReference; name = CCParticleSystemPoint.h; path = libs/cocos2d/CCParticleSystemPoint.h; sourceTree = "<group>"; };
		66820C311420BF3700059755 /* CCParticleSystemPoint.m */ = {isa = PBXFileReference; lastKnownFileType = sourcecode.c.objc; name = CCParticleSystemPoint.m; path = libs/cocos2d/CCParticleSystemPoint.m; sourceTree = "<group>"; };
		66820C331420BF3700059755 /* CCParticleSystemQuad.h */ = {isa = PBXFileReference; name = CCParticleSystemQuad.h; path = libs/cocos2d/CCParticleSystemQuad.h; sourceTree = "<group>"; };
		66820C341420BF3700059755 /* CCParticleSystemQuad.m */ = {isa = PBXFileReference; lastKnownFileType = sourcecode.c.objc; name = CCParticleSystemQuad.m; path = libs/cocos2d/CCParticleSystemQuad.m; sourceTree = "<group>"; };
		66820C361420BF3700059755 /* CCProgressTimer.h */ = {isa = PBXFileReference; name = CCProgressTimer.h; path = libs/cocos2d/CCProgressTimer.h; sourceTree = "<group>"; };
		66820C371420BF3700059755 /* CCProgressTimer.m */ = {isa = PBXFileReference; lastKnownFileType = sourcecode.c.objc; name = CCProgressTimer.m; path = libs/cocos2d/CCProgressTimer.m; sourceTree = "<group>"; };
		66820C391420BF3800059755 /* CCProtocols.h */ = {isa = PBXFileReference; name = CCProtocols.h; path = libs/cocos2d/CCProtocols.h; sourceTree = "<group>"; };
		66820C3A1420BF3800059755 /* CCRenderTexture.h */ = {isa = PBXFileReference; name = CCRenderTexture.h; path = libs/cocos2d/CCRenderTexture.h; sourceTree = "<group>"; };
		66820C3B1420BF3800059755 /* CCRenderTexture.m */ = {isa = PBXFileReference; lastKnownFileType = sourcecode.c.objc; name = CCRenderTexture.m; path = libs/cocos2d/CCRenderTexture.m; sourceTree = "<group>"; };
		66820C3D1420BF3800059755 /* CCRibbon.h */ = {isa = PBXFileReference; name = CCRibbon.h; path = libs/cocos2d/CCRibbon.h; sourceTree = "<group>"; };
		66820C3E1420BF3800059755 /* CCRibbon.m */ = {isa = PBXFileReference; lastKnownFileType = sourcecode.c.objc; name = CCRibbon.m; path = libs/cocos2d/CCRibbon.m; sourceTree = "<group>"; };
		66820C401420BF3800059755 /* CCScene.h */ = {isa = PBXFileReference; name = CCScene.h; path = libs/cocos2d/CCScene.h; sourceTree = "<group>"; };
		66820C411420BF3800059755 /* CCScene.m */ = {isa = PBXFileReference; lastKnownFileType = sourcecode.c.objc; name = CCScene.m; path = libs/cocos2d/CCScene.m; sourceTree = "<group>"; };
		66820C431420BF3800059755 /* CCScheduler.h */ = {isa = PBXFileReference; name = CCScheduler.h; path = libs/cocos2d/CCScheduler.h; sourceTree = "<group>"; };
		66820C441420BF3800059755 /* CCScheduler.m */ = {isa = PBXFileReference; lastKnownFileType = sourcecode.c.objc; name = CCScheduler.m; path = libs/cocos2d/CCScheduler.m; sourceTree = "<group>"; };
		66820C461420BF3800059755 /* CCSprite.h */ = {isa = PBXFileReference; name = CCSprite.h; path = libs/cocos2d/CCSprite.h; sourceTree = "<group>"; };
		66820C471420BF3800059755 /* CCSprite.m */ = {isa = PBXFileReference; lastKnownFileType = sourcecode.c.objc; name = CCSprite.m; path = libs/cocos2d/CCSprite.m; sourceTree = "<group>"; };
		66820C491420BF3800059755 /* CCSpriteBatchNode.h */ = {isa = PBXFileReference; name = CCSpriteBatchNode.h; path = libs/cocos2d/CCSpriteBatchNode.h; sourceTree = "<group>"; };
		66820C4A1420BF3800059755 /* CCSpriteBatchNode.m */ = {isa = PBXFileReference; lastKnownFileType = sourcecode.c.objc; name = CCSpriteBatchNode.m; path = libs/cocos2d/CCSpriteBatchNode.m; sourceTree = "<group>"; };
		66820C4C1420BF3800059755 /* CCSpriteFrame.h */ = {isa = PBXFileReference; name = CCSpriteFrame.h; path = libs/cocos2d/CCSpriteFrame.h; sourceTree = "<group>"; };
		66820C4D1420BF3800059755 /* CCSpriteFrame.m */ = {isa = PBXFileReference; lastKnownFileType = sourcecode.c.objc; name = CCSpriteFrame.m; path = libs/cocos2d/CCSpriteFrame.m; sourceTree = "<group>"; };
		66820C4F1420BF3800059755 /* CCSpriteFrameCache.h */ = {isa = PBXFileReference; name = CCSpriteFrameCache.h; path = libs/cocos2d/CCSpriteFrameCache.h; sourceTree = "<group>"; };
		66820C501420BF3800059755 /* CCSpriteFrameCache.m */ = {isa = PBXFileReference; lastKnownFileType = sourcecode.c.objc; name = CCSpriteFrameCache.m; path = libs/cocos2d/CCSpriteFrameCache.m; sourceTree = "<group>"; };
		66820C521420BF3800059755 /* CCTexture2D.h */ = {isa = PBXFileReference; name = CCTexture2D.h; path = libs/cocos2d/CCTexture2D.h; sourceTree = "<group>"; };
		66820C531420BF3800059755 /* CCTexture2D.m */ = {isa = PBXFileReference; lastKnownFileType = sourcecode.c.objc; name = CCTexture2D.m; path = libs/cocos2d/CCTexture2D.m; sourceTree = "<group>"; };
		66820C551420BF3800059755 /* CCTextureAtlas.h */ = {isa = PBXFileReference; name = CCTextureAtlas.h; path = libs/cocos2d/CCTextureAtlas.h; sourceTree = "<group>"; };
		66820C561420BF3800059755 /* CCTextureAtlas.m */ = {isa = PBXFileReference; lastKnownFileType = sourcecode.c.objc; name = CCTextureAtlas.m; path = libs/cocos2d/CCTextureAtlas.m; sourceTree = "<group>"; };
		66820C581420BF3800059755 /* CCTextureCache.h */ = {isa = PBXFileReference; name = CCTextureCache.h; path = libs/cocos2d/CCTextureCache.h; sourceTree = "<group>"; };
		66820C591420BF3800059755 /* CCTextureCache.m */ = {isa = PBXFileReference; lastKnownFileType = sourcecode.c.objc; name = CCTextureCache.m; path = libs/cocos2d/CCTextureCache.m; sourceTree = "<group>"; };
		66820C5B1420BF3800059755 /* CCTexturePVR.h */ = {isa = PBXFileReference; name = CCTexturePVR.h; path = libs/cocos2d/CCTexturePVR.h; sourceTree = "<group>"; };
		66820C5C1420BF3800059755 /* CCTexturePVR.m */ = {isa = PBXFileReference; lastKnownFileType = sourcecode.c.objc; name = CCTexturePVR.m; path = libs/cocos2d/CCTexturePVR.m; sourceTree = "<group>"; };
		66820C5E1420BF3800059755 /* CCTileMapAtlas.h */ = {isa = PBXFileReference; name = CCTileMapAtlas.h; path = libs/cocos2d/CCTileMapAtlas.h; sourceTree = "<group>"; };
		66820C5F1420BF3800059755 /* CCTileMapAtlas.m */ = {isa = PBXFileReference; lastKnownFileType = sourcecode.c.objc; name = CCTileMapAtlas.m; path = libs/cocos2d/CCTileMapAtlas.m; sourceTree = "<group>"; };
		66820C611420BF3800059755 /* CCTMXLayer.h */ = {isa = PBXFileReference; name = CCTMXLayer.h; path = libs/cocos2d/CCTMXLayer.h; sourceTree = "<group>"; };
		66820C621420BF3800059755 /* CCTMXLayer.m */ = {isa = PBXFileReference; lastKnownFileType = sourcecode.c.objc; name = CCTMXLayer.m; path = libs/cocos2d/CCTMXLayer.m; sourceTree = "<group>"; };
		66820C641420BF3800059755 /* CCTMXObjectGroup.h */ = {isa = PBXFileReference; name = CCTMXObjectGroup.h; path = libs/cocos2d/CCTMXObjectGroup.h; sourceTree = "<group>"; };
		66820C651420BF3800059755 /* CCTMXObjectGroup.m */ = {isa = PBXFileReference; lastKnownFileType = sourcecode.c.objc; name = CCTMXObjectGroup.m; path = libs/cocos2d/CCTMXObjectGroup.m; sourceTree = "<group>"; };
		66820C671420BF3800059755 /* CCTMXTiledMap.h */ = {isa = PBXFileReference; name = CCTMXTiledMap.h; path = libs/cocos2d/CCTMXTiledMap.h; sourceTree = "<group>"; };
		66820C681420BF3800059755 /* CCTMXTiledMap.m */ = {isa = PBXFileReference; lastKnownFileType = sourcecode.c.objc; name = CCTMXTiledMap.m; path = libs/cocos2d/CCTMXTiledMap.m; sourceTree = "<group>"; };
		66820C6A1420BF3800059755 /* CCTMXXMLParser.h */ = {isa = PBXFileReference; name = CCTMXXMLParser.h; path = libs/cocos2d/CCTMXXMLParser.h; sourceTree = "<group>"; };
		66820C6B1420BF3800059755 /* CCTMXXMLParser.m */ = {isa = PBXFileReference; lastKnownFileType = sourcecode.c.objc; name = CCTMXXMLParser.m; path = libs/cocos2d/CCTMXXMLParser.m; sourceTree = "<group>"; };
		66820C6D1420BF3800059755 /* CCTransition.h */ = {isa = PBXFileReference; name = CCTransition.h; path = libs/cocos2d/CCTransition.h; sourceTree = "<group>"; };
		66820C6E1420BF3800059755 /* CCTransition.m */ = {isa = PBXFileReference; lastKnownFileType = sourcecode.c.objc; name = CCTransition.m; path = libs/cocos2d/CCTransition.m; sourceTree = "<group>"; };
		66820C701420BF3800059755 /* CCTransitionPageTurn.h */ = {isa = PBXFileReference; name = CCTransitionPageTurn.h; path = libs/cocos2d/CCTransitionPageTurn.h; sourceTree = "<group>"; };
		66820C711420BF3800059755 /* CCTransitionPageTurn.m */ = {isa = PBXFileReference; lastKnownFileType = sourcecode.c.objc; name = CCTransitionPageTurn.m; path = libs/cocos2d/CCTransitionPageTurn.m; sourceTree = "<group>"; };
		66820C731420BF3800059755 /* CCTransitionRadial.h */ = {isa = PBXFileReference; name = CCTransitionRadial.h; path = libs/cocos2d/CCTransitionRadial.h; sourceTree = "<group>"; };
		66820C741420BF3800059755 /* CCTransitionRadial.m */ = {isa = PBXFileReference; lastKnownFileType = sourcecode.c.objc; name = CCTransitionRadial.m; path = libs/cocos2d/CCTransitionRadial.m; sourceTree = "<group>"; };
		66820C761420BF3800059755 /* ccTypes.h */ = {isa = PBXFileReference; name = ccTypes.h; path = libs/cocos2d/ccTypes.h; sourceTree = "<group>"; };
		66820C771420BF3800059755 /* cocos2d.h */ = {isa = PBXFileReference; name = cocos2d.h; path = libs/cocos2d/cocos2d.h; sourceTree = "<group>"; };
		66820C781420BF3800059755 /* cocos2d.m */ = {isa = PBXFileReference; lastKnownFileType = sourcecode.c.objc; name = cocos2d.m; path = libs/cocos2d/cocos2d.m; sourceTree = "<group>"; };
		66820C7A1420BF3800059755 /* CCGL.h */ = {isa = PBXFileReference; name = CCGL.h; path = libs/cocos2d/Platforms/CCGL.h; sourceTree = "<group>"; };
		66820C7B1420BF3800059755 /* CCNS.h */ = {isa = PBXFileReference; name = CCNS.h; path = libs/cocos2d/Platforms/CCNS.h; sourceTree = "<group>"; };
		66820C7C1420BF3900059755 /* CCDirectorIOS.h */ = {isa = PBXFileReference; name = CCDirectorIOS.h; path = libs/cocos2d/Platforms/iOS/CCDirectorIOS.h; sourceTree = "<group>"; };
		66820C7D1420BF3900059755 /* CCDirectorIOS.m */ = {isa = PBXFileReference; lastKnownFileType = sourcecode.c.objc; name = CCDirectorIOS.m; path = libs/cocos2d/Platforms/iOS/CCDirectorIOS.m; sourceTree = "<group>"; };
		66820C7F1420BF3900059755 /* CCTouchDelegateProtocol.h */ = {isa = PBXFileReference; name = CCTouchDelegateProtocol.h; path = libs/cocos2d/Platforms/iOS/CCTouchDelegateProtocol.h; sourceTree = "<group>"; };
		66820C801420BF3900059755 /* CCTouchDispatcher.h */ = {isa = PBXFileReference; name = CCTouchDispatcher.h; path = libs/cocos2d/Platforms/iOS/CCTouchDispatcher.h; sourceTree = "<group>"; };
		66820C811420BF3900059755 /* CCTouchDispatcher.m */ = {isa = PBXFileReference; lastKnownFileType = sourcecode.c.objc; name = CCTouchDispatcher.m; path = libs/cocos2d/Platforms/iOS/CCTouchDispatcher.m; sourceTree = "<group>"; };
		66820C831420BF3900059755 /* CCTouchHandler.h */ = {isa = PBXFileReference; name = CCTouchHandler.h; path = libs/cocos2d/Platforms/iOS/CCTouchHandler.h; sourceTree = "<group>"; };
		66820C841420BF3900059755 /* CCTouchHandler.m */ = {isa = PBXFileReference; lastKnownFileType = sourcecode.c.objc; name = CCTouchHandler.m; path = libs/cocos2d/Platforms/iOS/CCTouchHandler.m; sourceTree = "<group>"; };
		66820C861420BF3900059755 /* EAGLView.h */ = {isa = PBXFileReference; name = EAGLView.h; path = libs/cocos2d/Platforms/iOS/EAGLView.h; sourceTree = "<group>"; };
		66820C871420BF3900059755 /* EAGLView.m */ = {isa = PBXFileReference; lastKnownFileType = sourcecode.c.objc; name = EAGLView.m; path = libs/cocos2d/Platforms/iOS/EAGLView.m; sourceTree = "<group>"; };
		66820C891420BF3900059755 /* ES1Renderer.h */ = {isa = PBXFileReference; name = ES1Renderer.h; path = libs/cocos2d/Platforms/iOS/ES1Renderer.h; sourceTree = "<group>"; };
		66820C8A1420BF3900059755 /* ES1Renderer.m */ = {isa = PBXFileReference; lastKnownFileType = sourcecode.c.objc; name = ES1Renderer.m; path = libs/cocos2d/Platforms/iOS/ES1Renderer.m; sourceTree = "<group>"; };
		66820C8C1420BF3900059755 /* ESRenderer.h */ = {isa = PBXFileReference; name = ESRenderer.h; path = libs/cocos2d/Platforms/iOS/ESRenderer.h; sourceTree = "<group>"; };
		66820C8D1420BF3900059755 /* glu.c */ = {isa = PBXFileReference; lastKnownFileType = sourcecode.c.c; name = glu.c; path = libs/cocos2d/Platforms/iOS/glu.c; sourceTree = "<group>"; };
		66820C8F1420BF3900059755 /* glu.h */ = {isa = PBXFileReference; name = glu.h; path = libs/cocos2d/Platforms/iOS/glu.h; sourceTree = "<group>"; };
		66820C901420BF3900059755 /* CCDirectorMac.h */ = {isa = PBXFileReference; name = CCDirectorMac.h; path = libs/cocos2d/Platforms/Mac/CCDirectorMac.h; sourceTree = "<group>"; };
		66820C911420BF3900059755 /* CCDirectorMac.m */ = {isa = PBXFileReference; lastKnownFileType = sourcecode.c.objc; name = CCDirectorMac.m; path = libs/cocos2d/Platforms/Mac/CCDirectorMac.m; sourceTree = "<group>"; };
		66820C931420BF3900059755 /* CCEventDispatcher.h */ = {isa = PBXFileReference; name = CCEventDispatcher.h; path = libs/cocos2d/Platforms/Mac/CCEventDispatcher.h; sourceTree = "<group>"; };
		66820C941420BF3900059755 /* CCEventDispatcher.m */ = {isa = PBXFileReference; lastKnownFileType = sourcecode.c.objc; name = CCEventDispatcher.m; path = libs/cocos2d/Platforms/Mac/CCEventDispatcher.m; sourceTree = "<group>"; };
		66820C961420BF3900059755 /* MacGLView.h */ = {isa = PBXFileReference; name = MacGLView.h; path = libs/cocos2d/Platforms/Mac/MacGLView.h; sourceTree = "<group>"; };
		66820C971420BF3900059755 /* MacGLView.m */ = {isa = PBXFileReference; lastKnownFileType = sourcecode.c.objc; name = MacGLView.m; path = libs/cocos2d/Platforms/Mac/MacGLView.m; sourceTree = "<group>"; };
		66820C991420BF3900059755 /* MacWindow.h */ = {isa = PBXFileReference; name = MacWindow.h; path = libs/cocos2d/Platforms/Mac/MacWindow.h; sourceTree = "<group>"; };
		66820C9A1420BF3900059755 /* MacWindow.m */ = {isa = PBXFileReference; lastKnownFileType = sourcecode.c.objc; name = MacWindow.m; path = libs/cocos2d/Platforms/Mac/MacWindow.m; sourceTree = "<group>"; };
		66820C9C1420BF3900059755 /* base64.c */ = {isa = PBXFileReference; lastKnownFileType = sourcecode.c.c; name = base64.c; path = libs/cocos2d/Support/base64.c; sourceTree = "<group>"; };
		66820C9E1420BF3900059755 /* base64.h */ = {isa = PBXFileReference; name = base64.h; path = libs/cocos2d/Support/base64.h; sourceTree = "<group>"; };
		66820C9F1420BF3900059755 /* CCArray.h */ = {isa = PBXFileReference; name = CCArray.h; path = libs/cocos2d/Support/CCArray.h; sourceTree = "<group>"; };
		66820CA01420BF3900059755 /* CCArray.m */ = {isa = PBXFileReference; lastKnownFileType = sourcecode.c.objc; name = CCArray.m; path = libs/cocos2d/Support/CCArray.m; sourceTree = "<group>"; };
		66820CA21420BF3900059755 /* ccCArray.h */ = {isa = PBXFileReference; name = ccCArray.h; path = libs/cocos2d/Support/ccCArray.h; sourceTree = "<group>"; };
		66820CA31420BF3900059755 /* CCFileUtils.h */ = {isa = PBXFileReference; name = CCFileUtils.h; path = libs/cocos2d/Support/CCFileUtils.h; sourceTree = "<group>"; };
		66820CA41420BF3900059755 /* CCFileUtils.m */ = {isa = PBXFileReference; lastKnownFileType = sourcecode.c.objc; name = CCFileUtils.m; path = libs/cocos2d/Support/CCFileUtils.m; sourceTree = "<group>"; };
		66820CA61420BF3900059755 /* CCProfiling.h */ = {isa = PBXFileReference; name = CCProfiling.h; path = libs/cocos2d/Support/CCProfiling.h; sourceTree = "<group>"; };
		66820CA71420BF3900059755 /* CCProfiling.m */ = {isa = PBXFileReference; lastKnownFileType = sourcecode.c.objc; name = CCProfiling.m; path = libs/cocos2d/Support/CCProfiling.m; sourceTree = "<group>"; };
		66820CA91420BF3900059755 /* ccUtils.c */ = {isa = PBXFileReference; lastKnownFileType = sourcecode.c.c; name = ccUtils.c; path = libs/cocos2d/Support/ccUtils.c; sourceTree = "<group>"; };
		66820CAB1420BF3900059755 /* ccUtils.h */ = {isa = PBXFileReference; name = ccUtils.h; path = libs/cocos2d/Support/ccUtils.h; sourceTree = "<group>"; };
		66820CAC1420BF3900059755 /* CGPointExtension.h */ = {isa = PBXFileReference; name = CGPointExtension.h; path = libs/cocos2d/Support/CGPointExtension.h; sourceTree = "<group>"; };
		66820CAD1420BF3900059755 /* CGPointExtension.m */ = {isa = PBXFileReference; lastKnownFileType = sourcecode.c.objc; name = CGPointExtension.m; path = libs/cocos2d/Support/CGPointExtension.m; sourceTree = "<group>"; };
		66820CAF1420BF3900059755 /* OpenGL_Internal.h */ = {isa = PBXFileReference; name = OpenGL_Internal.h; path = libs/cocos2d/Support/OpenGL_Internal.h; sourceTree = "<group>"; };
		66820CB01420BF3900059755 /* TGAlib.h */ = {isa = PBXFileReference; name = TGAlib.h; path = libs/cocos2d/Support/TGAlib.h; sourceTree = "<group>"; };
		66820CB11420BF3900059755 /* TGAlib.m */ = {isa = PBXFileReference; lastKnownFileType = sourcecode.c.objc; name = TGAlib.m; path = libs/cocos2d/Support/TGAlib.m; sourceTree = "<group>"; };
		66820CB31420BF3900059755 /* TransformUtils.h */ = {isa = PBXFileReference; name = TransformUtils.h; path = libs/cocos2d/Support/TransformUtils.h; sourceTree = "<group>"; };
		66820CB41420BF3900059755 /* TransformUtils.m */ = {isa = PBXFileReference; lastKnownFileType = sourcecode.c.objc; name = TransformUtils.m; path = libs/cocos2d/Support/TransformUtils.m; sourceTree = "<group>"; };
		66820CB61420BF3900059755 /* uthash.h */ = {isa = PBXFileReference; name = uthash.h; path = libs/cocos2d/Support/uthash.h; sourceTree = "<group>"; };
		66820CB71420BF3900059755 /* utlist.h */ = {isa = PBXFileReference; name = utlist.h; path = libs/cocos2d/Support/utlist.h; sourceTree = "<group>"; };
		66820CB81420BF3900059755 /* ZipUtils.h */ = {isa = PBXFileReference; name = ZipUtils.h; path = libs/cocos2d/Support/ZipUtils.h; sourceTree = "<group>"; };
		66820CB91420BF3900059755 /* ZipUtils.m */ = {isa = PBXFileReference; lastKnownFileType = sourcecode.c.objc; name = ZipUtils.m; path = libs/cocos2d/Support/ZipUtils.m; sourceTree = "<group>"; };
		66820CBC1420BF3900059755 /* CDAudioManager.h */ = {isa = PBXFileReference; name = CDAudioManager.h; path = libs/CocosDenshion/CDAudioManager.h; sourceTree = "<group>"; };
		66820CBD1420BF3A00059755 /* CDAudioManager.m */ = {isa = PBXFileReference; lastKnownFileType = sourcecode.c.objc; name = CDAudioManager.m; path = libs/CocosDenshion/CDAudioManager.m; sourceTree = "<group>"; };
		66820CBF1420BF3A00059755 /* CDConfig.h */ = {isa = PBXFileReference; name = CDConfig.h; path = libs/CocosDenshion/CDConfig.h; sourceTree = "<group>"; };
		66820CC01420BF3A00059755 /* CDOpenALSupport.h */ = {isa = PBXFileReference; name = CDOpenALSupport.h; path = libs/CocosDenshion/CDOpenALSupport.h; sourceTree = "<group>"; };
		66820CC11420BF3A00059755 /* CDOpenALSupport.m */ = {isa = PBXFileReference; lastKnownFileType = sourcecode.c.objc; name = CDOpenALSupport.m; path = libs/CocosDenshion/CDOpenALSupport.m; sourceTree = "<group>"; };
		66820CC31420BF3A00059755 /* CocosDenshion.h */ = {isa = PBXFileReference; name = CocosDenshion.h; path = libs/CocosDenshion/CocosDenshion.h; sourceTree = "<group>"; };
		66820CC41420BF3A00059755 /* CocosDenshion.m */ = {isa = PBXFileReference; lastKnownFileType = sourcecode.c.objc; name = CocosDenshion.m; path = libs/CocosDenshion/CocosDenshion.m; sourceTree = "<group>"; };
		66820CC61420BF3A00059755 /* SimpleAudioEngine.h */ = {isa = PBXFileReference; name = SimpleAudioEngine.h; path = libs/CocosDenshion/SimpleAudioEngine.h; sourceTree = "<group>"; };
		66820CC71420BF3A00059755 /* SimpleAudioEngine.m */ = {isa = PBXFileReference; lastKnownFileType = sourcecode.c.objc; name = SimpleAudioEngine.m; path = libs/CocosDenshion/SimpleAudioEngine.m; sourceTree = "<group>"; };
		66820CCA1420BF3A00059755 /* CLScoreServerPost.h */ = {isa = PBXFileReference; name = CLScoreServerPost.h; path = libs/cocoslive/CLScoreServerPost.h; sourceTree = "<group>"; };
		66820CCB1420BF3A00059755 /* CLScoreServerPost.m */ = {isa = PBXFileReference; lastKnownFileType = sourcecode.c.objc; name = CLScoreServerPost.m; path = libs/cocoslive/CLScoreServerPost.m; sourceTree = "<group>"; };
		66820CCD1420BF3A00059755 /* CLScoreServerRequest.h */ = {isa = PBXFileReference; name = CLScoreServerRequest.h; path = libs/cocoslive/CLScoreServerRequest.h; sourceTree = "<group>"; };
		66820CCE1420BF3A00059755 /* CLScoreServerRequest.m */ = {isa = PBXFileReference; lastKnownFileType = sourcecode.c.objc; name = CLScoreServerRequest.m; path = libs/cocoslive/CLScoreServerRequest.m; sourceTree = "<group>"; };
		66820CD01420BF3A00059755 /* cocoslive.h */ = {isa = PBXFileReference; name = cocoslive.h; path = libs/cocoslive/cocoslive.h; sourceTree = "<group>"; };
		66820CD11420BF3A00059755 /* cocoslive.m */ = {isa = PBXFileReference; lastKnownFileType = sourcecode.c.objc; name = cocoslive.m; path = libs/cocoslive/cocoslive.m; sourceTree = "<group>"; };
		66820CD41420BF3A00059755 /* FontLabel.h */ = {isa = PBXFileReference; name = FontLabel.h; path = libs/FontLabel/FontLabel.h; sourceTree = "<group>"; };
		66820CD51420BF3A00059755 /* FontLabel.m */ = {isa = PBXFileReference; lastKnownFileType = sourcecode.c.objc; name = FontLabel.m; path = libs/FontLabel/FontLabel.m; sourceTree = "<group>"; };
		66820CD71420BF3A00059755 /* FontLabelStringDrawing.h */ = {isa = PBXFileReference; name = FontLabelStringDrawing.h; path = libs/FontLabel/FontLabelStringDrawing.h; sourceTree = "<group>"; };
		66820CD81420BF3A00059755 /* FontLabelStringDrawing.m */ = {isa = PBXFileReference; lastKnownFileType = sourcecode.c.objc; name = FontLabelStringDrawing.m; path = libs/FontLabel/FontLabelStringDrawing.m; sourceTree = "<group>"; };
		66820CDA1420BF3A00059755 /* FontManager.h */ = {isa = PBXFileReference; name = FontManager.h; path = libs/FontLabel/FontManager.h; sourceTree = "<group>"; };
		66820CDB1420BF3A00059755 /* FontManager.m */ = {isa = PBXFileReference; lastKnownFileType = sourcecode.c.objc; name = FontManager.m; path = libs/FontLabel/FontManager.m; sourceTree = "<group>"; };
		66820CDD1420BF3A00059755 /* ZAttributedString.h */ = {isa = PBXFileReference; name = ZAttributedString.h; path = libs/FontLabel/ZAttributedString.h; sourceTree = "<group>"; };
		66820CDE1420BF3A00059755 /* ZAttributedString.m */ = {isa = PBXFileReference; lastKnownFileType = sourcecode.c.objc; name = ZAttributedString.m; path = libs/FontLabel/ZAttributedString.m; sourceTree = "<group>"; };
		66820CE01420BF3A00059755 /* ZAttributedStringPrivate.h */ = {isa = PBXFileReference; name = ZAttributedStringPrivate.h; path = libs/FontLabel/ZAttributedStringPrivate.h; sourceTree = "<group>"; };
		66820CE11420BF3A00059755 /* ZFont.h */ = {isa = PBXFileReference; name = ZFont.h; path = libs/FontLabel/ZFont.h; sourceTree = "<group>"; };
		66820CE21420BF3A00059755 /* ZFont.m */ = {isa = PBXFileReference; lastKnownFileType = sourcecode.c.objc; name = ZFont.m; path = libs/FontLabel/ZFont.m; sourceTree = "<group>"; };
		66820CE51420BF3A00059755 /* CDataScanner.h */ = {isa = PBXFileReference; name = CDataScanner.h; path = libs/TouchJSON/CDataScanner.h; sourceTree = "<group>"; };
		66820CE61420BF3A00059755 /* CDataScanner.m */ = {isa = PBXFileReference; lastKnownFileType = sourcecode.c.objc; name = CDataScanner.m; path = libs/TouchJSON/CDataScanner.m; sourceTree = "<group>"; };
		66820CE81420BF3A00059755 /* CDataScanner_Extensions.h */ = {isa = PBXFileReference; name = CDataScanner_Extensions.h; path = libs/TouchJSON/Extensions/CDataScanner_Extensions.h; sourceTree = "<group>"; };
		66820CE91420BF3A00059755 /* CDataScanner_Extensions.m */ = {isa = PBXFileReference; lastKnownFileType = sourcecode.c.objc; name = CDataScanner_Extensions.m; path = libs/TouchJSON/Extensions/CDataScanner_Extensions.m; sourceTree = "<group>"; };
		66820CEB1420BF3A00059755 /* NSCharacterSet_Extensions.h */ = {isa = PBXFileReference; name = NSCharacterSet_Extensions.h; path = libs/TouchJSON/Extensions/NSCharacterSet_Extensions.h; sourceTree = "<group>"; };
		66820CEC1420BF3A00059755 /* NSCharacterSet_Extensions.m */ = {isa = PBXFileReference; lastKnownFileType = sourcecode.c.objc; name = NSCharacterSet_Extensions.m; path = libs/TouchJSON/Extensions/NSCharacterSet_Extensions.m; sourceTree = "<group>"; };
		66820CEE1420BF3A00059755 /* NSDictionary_JSONExtensions.h */ = {isa = PBXFileReference; name = NSDictionary_JSONExtensions.h; path = libs/TouchJSON/Extensions/NSDictionary_JSONExtensions.h; sourceTree = "<group>"; };
		66820CEF1420BF3A00059755 /* NSDictionary_JSONExtensions.m */ = {isa = PBXFileReference; lastKnownFileType = sourcecode.c.objc; name = NSDictionary_JSONExtensions.m; path = libs/TouchJSON/Extensions/NSDictionary_JSONExtensions.m; sourceTree = "<group>"; };
		66820CF11420BF3A00059755 /* NSScanner_Extensions.h */ = {isa = PBXFileReference; name = NSScanner_Extensions.h; path = libs/TouchJSON/Extensions/NSScanner_Extensions.h; sourceTree = "<group>"; };
		66820CF21420BF3A00059755 /* NSScanner_Extensions.m */ = {isa = PBXFileReference; lastKnownFileType = sourcecode.c.objc; name = NSScanner_Extensions.m; path = libs/TouchJSON/Extensions/NSScanner_Extensions.m; sourceTree = "<group>"; };
		66820CF41420BF3A00059755 /* CJSONDeserializer.h */ = {isa = PBXFileReference; name = CJSONDeserializer.h; path = libs/TouchJSON/JSON/CJSONDeserializer.h; sourceTree = "<group>"; };
		66820CF51420BF3A00059755 /* CJSONDeserializer.m */ = {isa = PBXFileReference; lastKnownFileType = sourcecode.c.objc; name = CJSONDeserializer.m; path = libs/TouchJSON/JSON/CJSONDeserializer.m; sourceTree = "<group>"; };
		66820CF71420BF3A00059755 /* CJSONScanner.h */ = {isa = PBXFileReference; name = CJSONScanner.h; path = libs/TouchJSON/JSON/CJSONScanner.h; sourceTree = "<group>"; };
		66820CF81420BF3A00059755 /* CJSONScanner.m */ = {isa = PBXFileReference; lastKnownFileType = sourcecode.c.objc; name = CJSONScanner.m; path = libs/TouchJSON/JSON/CJSONScanner.m; sourceTree = "<group>"; };
		66820CFA1420BF3A00059755 /* CJSONSerializer.h */ = {isa = PBXFileReference; name = CJSONSerializer.h; path = libs/TouchJSON/JSON/CJSONSerializer.h; sourceTree = "<group>"; };
		66820CFB1420BF3A00059755 /* CJSONSerializer.m */ = {isa = PBXFileReference; lastKnownFileType = sourcecode.c.objc; name = CJSONSerializer.m; path = libs/TouchJSON/JSON/CJSONSerializer.m; sourceTree = "<group>"; };
		66820CFE1420BF3A00059755 /* Prefix.pch */ = {isa = PBXFileReference; path = Prefix.pch; sourceTree = "<group>"; };
		66820CFF1420BF3A00059755 /* main.m */ = {isa = PBXFileReference; lastKnownFileType = sourcecode.c.objc; path = main.m; sourceTree = "<group>"; };
		66820D011420BF3A00059755 /* AppDelegate.h */ = {isa = PBXFileReference; path = AppDelegate.h; sourceTree = "<group>"; };
		66820D021420BF3A00059755 /* AppDelegate.m */ = {isa = PBXFileReference; lastKnownFileType = sourcecode.c.objc; path = AppDelegate.m; sourceTree = "<group>"; };
		66820D041420BF3A00059755 /* RootViewController.h */ = {isa = PBXFileReference; path = RootViewController.h; sourceTree = "<group>"; };
		66820D051420BF3A00059755 /* RootViewController.m */ = {isa = PBXFileReference; lastKnownFileType = sourcecode.c.objc; path = RootViewController.m; sourceTree = "<group>"; };
		66820D071420BF3A00059755 /* HelloWorldLayer.h */ = {isa = PBXFileReference; path = HelloWorldLayer.h; sourceTree = "<group>"; };
		66820D081420BF3A00059755 /* HelloWorldLayer.m */ = {isa = PBXFileReference; lastKnownFileType = sourcecode.c.objc; path = HelloWorldLayer.m; sourceTree = "<group>"; };
		66820D0A1420BF3A00059755 /* GameConfig.h */ = {isa = PBXFileReference; path = GameConfig.h; sourceTree = "<group>"; };
/* End PBXFileReference section */

/* Begin PBXFrameworksBuildPhase section */
		66820B9E1420BF3600059755 /* Frameworks */ = {
			isa = PBXFrameworksBuildPhase;
			buildActionMask = 2147483647;
			files = (
				66820BA61420BF3600059755 /* QuartzCore.framework in Frameworks */,
				66820BA81420BF3600059755 /* OpenGLES.framework in Frameworks */,
				66820BAA1420BF3600059755 /* OpenAL.framework in Frameworks */,
				66820BAC1420BF3600059755 /* AudioToolbox.framework in Frameworks */,
				66820BAE1420BF3600059755 /* AVFoundation.framework in Frameworks */,
				66820BB01420BF3600059755 /* UIKit.framework in Frameworks */,
				66820BB21420BF3600059755 /* Foundation.framework in Frameworks */,
				66820BB41420BF3600059755 /* CoreGraphics.framework in Frameworks */,
			);
			runOnlyForDeploymentPostprocessing = 0;
		};
/* End PBXFrameworksBuildPhase section */

/* Begin PBXGroup section */
		66820B961420BF3500059755 = {
			isa = PBXGroup;
			children = (
				66820BB51420BF3600059755 /* NDControlSliderExample */,
				66820BA41420BF3600059755 /* Frameworks */,
				66820BA21420BF3600059755 /* Products */,
			);
			sourceTree = "<group>";
		};
		66820BA21420BF3600059755 /* Products */ = {
			isa = PBXGroup;
			children = (
				66820BA11420BF3600059755 /* NDControlSliderExample.app */,
			);
			name = Products;
			sourceTree = "<group>";
		};
		66820BA41420BF3600059755 /* Frameworks */ = {
			isa = PBXGroup;
			children = (
				66820BA51420BF3600059755 /* QuartzCore.framework */,
				66820BA71420BF3600059755 /* OpenGLES.framework */,
				66820BA91420BF3600059755 /* OpenAL.framework */,
				66820BAB1420BF3600059755 /* AudioToolbox.framework */,
				66820BAD1420BF3600059755 /* AVFoundation.framework */,
				66820BAF1420BF3600059755 /* UIKit.framework */,
				66820BB11420BF3600059755 /* Foundation.framework */,
				66820BB31420BF3600059755 /* CoreGraphics.framework */,
			);
			name = Frameworks;
			sourceTree = "<group>";
		};
		66820BB51420BF3600059755 /* NDControlSliderExample */ = {
			isa = PBXGroup;
			children = (
				66820D011420BF3A00059755 /* AppDelegate.h */,
				66820D021420BF3A00059755 /* AppDelegate.m */,
				66820D041420BF3A00059755 /* RootViewController.h */,
				66820D051420BF3A00059755 /* RootViewController.m */,
				66820D071420BF3A00059755 /* HelloWorldLayer.h */,
				66820D081420BF3A00059755 /* HelloWorldLayer.m */,
				66820D0A1420BF3A00059755 /* GameConfig.h */,
				66820BB61420BF3600059755 /* Resources */,
				66820BCA1420BF3600059755 /* cocos2d */,
				66820CBB1420BF3900059755 /* CocosDenshion */,
				66820CC91420BF3A00059755 /* cocoslive */,
				66820CD31420BF3A00059755 /* FontLabel */,
				66820CE41420BF3A00059755 /* TouchJSON */,
				66820CFD1420BF3A00059755 /* Supporting Files */,
			);
			path = NDControlSliderExample;
			sourceTree = "<group>";
		};
		66820BB61420BF3600059755 /* Resources */ = {
			isa = PBXGroup;
			children = (
				66820BB71420BF3600059755 /* Default.png */,
				66820BB91420BF3600059755 /* fps_images.png */,
				66820BBB1420BF3600059755 /* Icon-72.png */,
				66820BBD1420BF3600059755 /* Icon-Small-50.png */,
				66820BBF1420BF3600059755 /* Icon-Small.png */,
				66820BC11420BF3600059755 /* Icon-Small@2x.png */,
				66820BC31420BF3600059755 /* Icon.png */,
				66820BC51420BF3600059755 /* Icon@2x.png */,
				66820BC71420BF3600059755 /* Info.plist */,
				66820BC81420BF3600059755 /* iTunesArtwork */,
			);
			name = Resources;
			sourceTree = "<group>";
		};
		66820BCA1420BF3600059755 /* cocos2d */ = {
			isa = PBXGroup;
			children = (
				66820BCB1420BF3600059755 /* CCAction.h */,
				66820BCC1420BF3600059755 /* CCAction.m */,
				66820BCE1420BF3600059755 /* CCActionCamera.h */,
				66820BCF1420BF3600059755 /* CCActionCamera.m */,
				66820BD11420BF3600059755 /* CCActionEase.h */,
				66820BD21420BF3600059755 /* CCActionEase.m */,
				66820BD41420BF3600059755 /* CCActionGrid.h */,
				66820BD51420BF3600059755 /* CCActionGrid.m */,
				66820BD71420BF3600059755 /* CCActionGrid3D.h */,
				66820BD81420BF3600059755 /* CCActionGrid3D.m */,
				66820BDA1420BF3600059755 /* CCActionInstant.h */,
				66820BDB1420BF3600059755 /* CCActionInstant.m */,
				66820BDD1420BF3600059755 /* CCActionInterval.h */,
				66820BDE1420BF3600059755 /* CCActionInterval.m */,
				66820BE01420BF3600059755 /* CCActionManager.h */,
				66820BE11420BF3600059755 /* CCActionManager.m */,
				66820BE31420BF3700059755 /* CCActionPageTurn3D.h */,
				66820BE41420BF3700059755 /* CCActionPageTurn3D.m */,
				66820BE61420BF3700059755 /* CCActionProgressTimer.h */,
				66820BE71420BF3700059755 /* CCActionProgressTimer.m */,
				66820BE91420BF3700059755 /* CCActionTiledGrid.h */,
				66820BEA1420BF3700059755 /* CCActionTiledGrid.m */,
				66820BEC1420BF3700059755 /* CCActionTween.h */,
				66820BED1420BF3700059755 /* CCActionTween.m */,
				66820BEF1420BF3700059755 /* CCAnimation.h */,
				66820BF01420BF3700059755 /* CCAnimation.m */,
				66820BF21420BF3700059755 /* CCAnimationCache.h */,
				66820BF31420BF3700059755 /* CCAnimationCache.m */,
				66820BF51420BF3700059755 /* CCAtlasNode.h */,
				66820BF61420BF3700059755 /* CCAtlasNode.m */,
				66820BF81420BF3700059755 /* CCBlockSupport.h */,
				66820BF91420BF3700059755 /* CCBlockSupport.m */,
				66820BFB1420BF3700059755 /* CCCamera.h */,
				66820BFC1420BF3700059755 /* CCCamera.m */,
				66820BFE1420BF3700059755 /* ccConfig.h */,
				66820BFF1420BF3700059755 /* CCConfiguration.h */,
				66820C001420BF3700059755 /* CCConfiguration.m */,
				66820C021420BF3700059755 /* CCDirector.h */,
				66820C031420BF3700059755 /* CCDirector.m */,
				66820C051420BF3700059755 /* CCDrawingPrimitives.h */,
				66820C061420BF3700059755 /* CCDrawingPrimitives.m */,
				66820C081420BF3700059755 /* CCGrabber.h */,
				66820C091420BF3700059755 /* CCGrabber.m */,
				66820C0B1420BF3700059755 /* CCGrid.h */,
				66820C0C1420BF3700059755 /* CCGrid.m */,
				66820C0E1420BF3700059755 /* CCLabelAtlas.h */,
				66820C0F1420BF3700059755 /* CCLabelAtlas.m */,
				66820C111420BF3700059755 /* CCLabelBMFont.h */,
				66820C121420BF3700059755 /* CCLabelBMFont.m */,
				66820C141420BF3700059755 /* CCLabelTTF.h */,
				66820C151420BF3700059755 /* CCLabelTTF.m */,
				66820C171420BF3700059755 /* CCLayer.h */,
				66820C181420BF3700059755 /* CCLayer.m */,
				66820C1A1420BF3700059755 /* ccMacros.h */,
				66820C1B1420BF3700059755 /* CCMenu.h */,
				66820C1C1420BF3700059755 /* CCMenu.m */,
				66820C1E1420BF3700059755 /* CCMenuItem.h */,
				66820C1F1420BF3700059755 /* CCMenuItem.m */,
				66820C211420BF3700059755 /* CCMotionStreak.h */,
				66820C221420BF3700059755 /* CCMotionStreak.m */,
				66820C241420BF3700059755 /* CCNode.h */,
				66820C251420BF3700059755 /* CCNode.m */,
				66820C271420BF3700059755 /* CCParallaxNode.h */,
				66820C281420BF3700059755 /* CCParallaxNode.m */,
				66820C2A1420BF3700059755 /* CCParticleExamples.h */,
				66820C2B1420BF3700059755 /* CCParticleExamples.m */,
				66820C2D1420BF3700059755 /* CCParticleSystem.h */,
				66820C2E1420BF3700059755 /* CCParticleSystem.m */,
				66820C301420BF3700059755 /* CCParticleSystemPoint.h */,
				66820C311420BF3700059755 /* CCParticleSystemPoint.m */,
				66820C331420BF3700059755 /* CCParticleSystemQuad.h */,
				66820C341420BF3700059755 /* CCParticleSystemQuad.m */,
				66820C361420BF3700059755 /* CCProgressTimer.h */,
				66820C371420BF3700059755 /* CCProgressTimer.m */,
				66820C391420BF3800059755 /* CCProtocols.h */,
				66820C3A1420BF3800059755 /* CCRenderTexture.h */,
				66820C3B1420BF3800059755 /* CCRenderTexture.m */,
				66820C3D1420BF3800059755 /* CCRibbon.h */,
				66820C3E1420BF3800059755 /* CCRibbon.m */,
				66820C401420BF3800059755 /* CCScene.h */,
				66820C411420BF3800059755 /* CCScene.m */,
				66820C431420BF3800059755 /* CCScheduler.h */,
				66820C441420BF3800059755 /* CCScheduler.m */,
				66820C461420BF3800059755 /* CCSprite.h */,
				66820C471420BF3800059755 /* CCSprite.m */,
				66820C491420BF3800059755 /* CCSpriteBatchNode.h */,
				66820C4A1420BF3800059755 /* CCSpriteBatchNode.m */,
				66820C4C1420BF3800059755 /* CCSpriteFrame.h */,
				66820C4D1420BF3800059755 /* CCSpriteFrame.m */,
				66820C4F1420BF3800059755 /* CCSpriteFrameCache.h */,
				66820C501420BF3800059755 /* CCSpriteFrameCache.m */,
				66820C521420BF3800059755 /* CCTexture2D.h */,
				66820C531420BF3800059755 /* CCTexture2D.m */,
				66820C551420BF3800059755 /* CCTextureAtlas.h */,
				66820C561420BF3800059755 /* CCTextureAtlas.m */,
				66820C581420BF3800059755 /* CCTextureCache.h */,
				66820C591420BF3800059755 /* CCTextureCache.m */,
				66820C5B1420BF3800059755 /* CCTexturePVR.h */,
				66820C5C1420BF3800059755 /* CCTexturePVR.m */,
				66820C5E1420BF3800059755 /* CCTileMapAtlas.h */,
				66820C5F1420BF3800059755 /* CCTileMapAtlas.m */,
				66820C611420BF3800059755 /* CCTMXLayer.h */,
				66820C621420BF3800059755 /* CCTMXLayer.m */,
				66820C641420BF3800059755 /* CCTMXObjectGroup.h */,
				66820C651420BF3800059755 /* CCTMXObjectGroup.m */,
				66820C671420BF3800059755 /* CCTMXTiledMap.h */,
				66820C681420BF3800059755 /* CCTMXTiledMap.m */,
				66820C6A1420BF3800059755 /* CCTMXXMLParser.h */,
				66820C6B1420BF3800059755 /* CCTMXXMLParser.m */,
				66820C6D1420BF3800059755 /* CCTransition.h */,
				66820C6E1420BF3800059755 /* CCTransition.m */,
				66820C701420BF3800059755 /* CCTransitionPageTurn.h */,
				66820C711420BF3800059755 /* CCTransitionPageTurn.m */,
				66820C731420BF3800059755 /* CCTransitionRadial.h */,
				66820C741420BF3800059755 /* CCTransitionRadial.m */,
				66820C761420BF3800059755 /* ccTypes.h */,
				66820C771420BF3800059755 /* cocos2d.h */,
				66820C781420BF3800059755 /* cocos2d.m */,
				66820C7A1420BF3800059755 /* CCGL.h */,
				66820C7B1420BF3800059755 /* CCNS.h */,
				66820C7C1420BF3900059755 /* CCDirectorIOS.h */,
				66820C7D1420BF3900059755 /* CCDirectorIOS.m */,
				66820C7F1420BF3900059755 /* CCTouchDelegateProtocol.h */,
				66820C801420BF3900059755 /* CCTouchDispatcher.h */,
				66820C811420BF3900059755 /* CCTouchDispatcher.m */,
				66820C831420BF3900059755 /* CCTouchHandler.h */,
				66820C841420BF3900059755 /* CCTouchHandler.m */,
				66820C861420BF3900059755 /* EAGLView.h */,
				66820C871420BF3900059755 /* EAGLView.m */,
				66820C891420BF3900059755 /* ES1Renderer.h */,
				66820C8A1420BF3900059755 /* ES1Renderer.m */,
				66820C8C1420BF3900059755 /* ESRenderer.h */,
				66820C8D1420BF3900059755 /* glu.c */,
				66820C8F1420BF3900059755 /* glu.h */,
				66820C901420BF3900059755 /* CCDirectorMac.h */,
				66820C911420BF3900059755 /* CCDirectorMac.m */,
				66820C931420BF3900059755 /* CCEventDispatcher.h */,
				66820C941420BF3900059755 /* CCEventDispatcher.m */,
				66820C961420BF3900059755 /* MacGLView.h */,
				66820C971420BF3900059755 /* MacGLView.m */,
				66820C991420BF3900059755 /* MacWindow.h */,
				66820C9A1420BF3900059755 /* MacWindow.m */,
				66820C9C1420BF3900059755 /* base64.c */,
				66820C9E1420BF3900059755 /* base64.h */,
				66820C9F1420BF3900059755 /* CCArray.h */,
				66820CA01420BF3900059755 /* CCArray.m */,
				66820CA21420BF3900059755 /* ccCArray.h */,
				66820CA31420BF3900059755 /* CCFileUtils.h */,
				66820CA41420BF3900059755 /* CCFileUtils.m */,
				66820CA61420BF3900059755 /* CCProfiling.h */,
				66820CA71420BF3900059755 /* CCProfiling.m */,
				66820CA91420BF3900059755 /* ccUtils.c */,
				66820CAB1420BF3900059755 /* ccUtils.h */,
				66820CAC1420BF3900059755 /* CGPointExtension.h */,
				66820CAD1420BF3900059755 /* CGPointExtension.m */,
				66820CAF1420BF3900059755 /* OpenGL_Internal.h */,
				66820CB01420BF3900059755 /* TGAlib.h */,
				66820CB11420BF3900059755 /* TGAlib.m */,
				66820CB31420BF3900059755 /* TransformUtils.h */,
				66820CB41420BF3900059755 /* TransformUtils.m */,
				66820CB61420BF3900059755 /* uthash.h */,
				66820CB71420BF3900059755 /* utlist.h */,
				66820CB81420BF3900059755 /* ZipUtils.h */,
				66820CB91420BF3900059755 /* ZipUtils.m */,
			);
			name = cocos2d;
			sourceTree = "<group>";
		};
		66820CBB1420BF3900059755 /* CocosDenshion */ = {
			isa = PBXGroup;
			children = (
				66820CBC1420BF3900059755 /* CDAudioManager.h */,
				66820CBD1420BF3A00059755 /* CDAudioManager.m */,
				66820CBF1420BF3A00059755 /* CDConfig.h */,
				66820CC01420BF3A00059755 /* CDOpenALSupport.h */,
				66820CC11420BF3A00059755 /* CDOpenALSupport.m */,
				66820CC31420BF3A00059755 /* CocosDenshion.h */,
				66820CC41420BF3A00059755 /* CocosDenshion.m */,
				66820CC61420BF3A00059755 /* SimpleAudioEngine.h */,
				66820CC71420BF3A00059755 /* SimpleAudioEngine.m */,
			);
			name = CocosDenshion;
			sourceTree = "<group>";
		};
		66820CC91420BF3A00059755 /* cocoslive */ = {
			isa = PBXGroup;
			children = (
				66820CCA1420BF3A00059755 /* CLScoreServerPost.h */,
				66820CCB1420BF3A00059755 /* CLScoreServerPost.m */,
				66820CCD1420BF3A00059755 /* CLScoreServerRequest.h */,
				66820CCE1420BF3A00059755 /* CLScoreServerRequest.m */,
				66820CD01420BF3A00059755 /* cocoslive.h */,
				66820CD11420BF3A00059755 /* cocoslive.m */,
			);
			name = cocoslive;
			sourceTree = "<group>";
		};
		66820CD31420BF3A00059755 /* FontLabel */ = {
			isa = PBXGroup;
			children = (
				66820CD41420BF3A00059755 /* FontLabel.h */,
				66820CD51420BF3A00059755 /* FontLabel.m */,
				66820CD71420BF3A00059755 /* FontLabelStringDrawing.h */,
				66820CD81420BF3A00059755 /* FontLabelStringDrawing.m */,
				66820CDA1420BF3A00059755 /* FontManager.h */,
				66820CDB1420BF3A00059755 /* FontManager.m */,
				66820CDD1420BF3A00059755 /* ZAttributedString.h */,
				66820CDE1420BF3A00059755 /* ZAttributedString.m */,
				66820CE01420BF3A00059755 /* ZAttributedStringPrivate.h */,
				66820CE11420BF3A00059755 /* ZFont.h */,
				66820CE21420BF3A00059755 /* ZFont.m */,
			);
			name = FontLabel;
			sourceTree = "<group>";
		};
		66820CE41420BF3A00059755 /* TouchJSON */ = {
			isa = PBXGroup;
			children = (
				66820CE51420BF3A00059755 /* CDataScanner.h */,
				66820CE61420BF3A00059755 /* CDataScanner.m */,
				66820CE81420BF3A00059755 /* CDataScanner_Extensions.h */,
				66820CE91420BF3A00059755 /* CDataScanner_Extensions.m */,
				66820CEB1420BF3A00059755 /* NSCharacterSet_Extensions.h */,
				66820CEC1420BF3A00059755 /* NSCharacterSet_Extensions.m */,
				66820CEE1420BF3A00059755 /* NSDictionary_JSONExtensions.h */,
				66820CEF1420BF3A00059755 /* NSDictionary_JSONExtensions.m */,
				66820CF11420BF3A00059755 /* NSScanner_Extensions.h */,
				66820CF21420BF3A00059755 /* NSScanner_Extensions.m */,
				66820CF41420BF3A00059755 /* CJSONDeserializer.h */,
				66820CF51420BF3A00059755 /* CJSONDeserializer.m */,
				66820CF71420BF3A00059755 /* CJSONScanner.h */,
				66820CF81420BF3A00059755 /* CJSONScanner.m */,
				66820CFA1420BF3A00059755 /* CJSONSerializer.h */,
				66820CFB1420BF3A00059755 /* CJSONSerializer.m */,
			);
			name = TouchJSON;
			sourceTree = "<group>";
		};
		66820CFD1420BF3A00059755 /* Supporting Files */ = {
			isa = PBXGroup;
			children = (
				66820CFE1420BF3A00059755 /* Prefix.pch */,
				66820CFF1420BF3A00059755 /* main.m */,
			);
			name = "Supporting Files";
			sourceTree = "<group>";
		};
/* End PBXGroup section */

/* Begin PBXNativeTarget section */
		66820BA01420BF3600059755 /* NDControlSliderExample */ = {
			isa = PBXNativeTarget;
			buildConfigurationList = 66820D0D1420BF3A00059755 /* Build configuration list for PBXNativeTarget "NDControlSliderExample" */;
			buildPhases = (
				66820B9D1420BF3600059755 /* Sources */,
				66820B9E1420BF3600059755 /* Frameworks */,
				66820B9F1420BF3600059755 /* Resources */,
			);
			buildRules = (
			);
			dependencies = (
			);
			name = NDControlSliderExample;
			productName = NDControlSliderExample;
			productReference = 66820BA11420BF3600059755 /* NDControlSliderExample.app */;
			productType = "com.apple.product-type.application";
		};
/* End PBXNativeTarget section */

/* Begin PBXProject section */
		66820B981420BF3500059755 /* Project object */ = {
			isa = PBXProject;
			attributes = {
				ORGANIZATIONNAME = N/A;
			};
			buildConfigurationList = 66820B9B1420BF3500059755 /* Build configuration list for PBXProject "NDControlSliderExample" */;
			compatibilityVersion = "Xcode 3.2";
			developmentRegion = English;
			hasScannedForEncodings = 0;
			knownRegions = (
				en,
			);
			mainGroup = 66820B961420BF3500059755;
			productRefGroup = 66820BA21420BF3600059755 /* Products */;
			projectDirPath = "";
			projectRoot = "";
			targets = (
				66820BA01420BF3600059755 /* NDControlSliderExample */,
			);
		};
/* End PBXProject section */

/* Begin PBXResourcesBuildPhase section */
		66820B9F1420BF3600059755 /* Resources */ = {
			isa = PBXResourcesBuildPhase;
			buildActionMask = 2147483647;
			files = (
				66820BB81420BF3600059755 /* Default.png in Resources */,
				66820BBA1420BF3600059755 /* fps_images.png in Resources */,
				66820BBC1420BF3600059755 /* Icon-72.png in Resources */,
				66820BBE1420BF3600059755 /* Icon-Small-50.png in Resources */,
				66820BC01420BF3600059755 /* Icon-Small.png in Resources */,
				66820BC21420BF3600059755 /* Icon-Small@2x.png in Resources */,
				66820BC41420BF3600059755 /* Icon.png in Resources */,
				66820BC61420BF3600059755 /* Icon@2x.png in Resources */,
				66820BC91420BF3600059755 /* iTunesArtwork in Resources */,
			);
			runOnlyForDeploymentPostprocessing = 0;
		};
/* End PBXResourcesBuildPhase section */

/* Begin PBXSourcesBuildPhase section */
		66820B9D1420BF3600059755 /* Sources */ = {
			isa = PBXSourcesBuildPhase;
			buildActionMask = 2147483647;
			files = (
				66820BCD1420BF3600059755 /* CCAction.m in Sources */,
				66820BD01420BF3600059755 /* CCActionCamera.m in Sources */,
				66820BD31420BF3600059755 /* CCActionEase.m in Sources */,
				66820BD61420BF3600059755 /* CCActionGrid.m in Sources */,
				66820BD91420BF3600059755 /* CCActionGrid3D.m in Sources */,
				66820BDC1420BF3600059755 /* CCActionInstant.m in Sources */,
				66820BDF1420BF3600059755 /* CCActionInterval.m in Sources */,
				66820BE21420BF3600059755 /* CCActionManager.m in Sources */,
				66820BE51420BF3700059755 /* CCActionPageTurn3D.m in Sources */,
				66820BE81420BF3700059755 /* CCActionProgressTimer.m in Sources */,
				66820BEB1420BF3700059755 /* CCActionTiledGrid.m in Sources */,
				66820BEE1420BF3700059755 /* CCActionTween.m in Sources */,
				66820BF11420BF3700059755 /* CCAnimation.m in Sources */,
				66820BF41420BF3700059755 /* CCAnimationCache.m in Sources */,
				66820BF71420BF3700059755 /* CCAtlasNode.m in Sources */,
				66820BFA1420BF3700059755 /* CCBlockSupport.m in Sources */,
				66820BFD1420BF3700059755 /* CCCamera.m in Sources */,
				66820C011420BF3700059755 /* CCConfiguration.m in Sources */,
				66820C041420BF3700059755 /* CCDirector.m in Sources */,
				66820C071420BF3700059755 /* CCDrawingPrimitives.m in Sources */,
				66820C0A1420BF3700059755 /* CCGrabber.m in Sources */,
				66820C0D1420BF3700059755 /* CCGrid.m in Sources */,
				66820C101420BF3700059755 /* CCLabelAtlas.m in Sources */,
				66820C131420BF3700059755 /* CCLabelBMFont.m in Sources */,
				66820C161420BF3700059755 /* CCLabelTTF.m in Sources */,
				66820C191420BF3700059755 /* CCLayer.m in Sources */,
				66820C1D1420BF3700059755 /* CCMenu.m in Sources */,
				66820C201420BF3700059755 /* CCMenuItem.m in Sources */,
				66820C231420BF3700059755 /* CCMotionStreak.m in Sources */,
				66820C261420BF3700059755 /* CCNode.m in Sources */,
				66820C291420BF3700059755 /* CCParallaxNode.m in Sources */,
				66820C2C1420BF3700059755 /* CCParticleExamples.m in Sources */,
				66820C2F1420BF3700059755 /* CCParticleSystem.m in Sources */,
				66820C321420BF3700059755 /* CCParticleSystemPoint.m in Sources */,
				66820C351420BF3700059755 /* CCParticleSystemQuad.m in Sources */,
				66820C381420BF3700059755 /* CCProgressTimer.m in Sources */,
				66820C3C1420BF3800059755 /* CCRenderTexture.m in Sources */,
				66820C3F1420BF3800059755 /* CCRibbon.m in Sources */,
				66820C421420BF3800059755 /* CCScene.m in Sources */,
				66820C451420BF3800059755 /* CCScheduler.m in Sources */,
				66820C481420BF3800059755 /* CCSprite.m in Sources */,
				66820C4B1420BF3800059755 /* CCSpriteBatchNode.m in Sources */,
				66820C4E1420BF3800059755 /* CCSpriteFrame.m in Sources */,
				66820C511420BF3800059755 /* CCSpriteFrameCache.m in Sources */,
				66820C541420BF3800059755 /* CCTexture2D.m in Sources */,
				66820C571420BF3800059755 /* CCTextureAtlas.m in Sources */,
				66820C5A1420BF3800059755 /* CCTextureCache.m in Sources */,
				66820C5D1420BF3800059755 /* CCTexturePVR.m in Sources */,
				66820C601420BF3800059755 /* CCTileMapAtlas.m in Sources */,
				66820C631420BF3800059755 /* CCTMXLayer.m in Sources */,
				66820C661420BF3800059755 /* CCTMXObjectGroup.m in Sources */,
				66820C691420BF3800059755 /* CCTMXTiledMap.m in Sources */,
				66820C6C1420BF3800059755 /* CCTMXXMLParser.m in Sources */,
				66820C6F1420BF3800059755 /* CCTransition.m in Sources */,
				66820C721420BF3800059755 /* CCTransitionPageTurn.m in Sources */,
				66820C751420BF3800059755 /* CCTransitionRadial.m in Sources */,
				66820C791420BF3800059755 /* cocos2d.m in Sources */,
				66820C7E1420BF3900059755 /* CCDirectorIOS.m in Sources */,
				66820C821420BF3900059755 /* CCTouchDispatcher.m in Sources */,
				66820C851420BF3900059755 /* CCTouchHandler.m in Sources */,
				66820C881420BF3900059755 /* EAGLView.m in Sources */,
				66820C8B1420BF3900059755 /* ES1Renderer.m in Sources */,
				66820C8E1420BF3900059755 /* glu.c in Sources */,
				66820C921420BF3900059755 /* CCDirectorMac.m in Sources */,
				66820C951420BF3900059755 /* CCEventDispatcher.m in Sources */,
				66820C981420BF3900059755 /* MacGLView.m in Sources */,
				66820C9B1420BF3900059755 /* MacWindow.m in Sources */,
				66820C9D1420BF3900059755 /* base64.c in Sources */,
				66820CA11420BF3900059755 /* CCArray.m in Sources */,
				66820CA51420BF3900059755 /* CCFileUtils.m in Sources */,
				66820CA81420BF3900059755 /* CCProfiling.m in Sources */,
				66820CAA1420BF3900059755 /* ccUtils.c in Sources */,
				66820CAE1420BF3900059755 /* CGPointExtension.m in Sources */,
				66820CB21420BF3900059755 /* TGAlib.m in Sources */,
				66820CB51420BF3900059755 /* TransformUtils.m in Sources */,
				66820CBA1420BF3900059755 /* ZipUtils.m in Sources */,
				66820CBE1420BF3A00059755 /* CDAudioManager.m in Sources */,
				66820CC21420BF3A00059755 /* CDOpenALSupport.m in Sources */,
				66820CC51420BF3A00059755 /* CocosDenshion.m in Sources */,
				66820CC81420BF3A00059755 /* SimpleAudioEngine.m in Sources */,
				66820CCC1420BF3A00059755 /* CLScoreServerPost.m in Sources */,
				66820CCF1420BF3A00059755 /* CLScoreServerRequest.m in Sources */,
				66820CD21420BF3A00059755 /* cocoslive.m in Sources */,
				66820CD61420BF3A00059755 /* FontLabel.m in Sources */,
				66820CD91420BF3A00059755 /* FontLabelStringDrawing.m in Sources */,
				66820CDC1420BF3A00059755 /* FontManager.m in Sources */,
				66820CDF1420BF3A00059755 /* ZAttributedString.m in Sources */,
				66820CE31420BF3A00059755 /* ZFont.m in Sources */,
				66820CE71420BF3A00059755 /* CDataScanner.m in Sources */,
				66820CEA1420BF3A00059755 /* CDataScanner_Extensions.m in Sources */,
				66820CED1420BF3A00059755 /* NSCharacterSet_Extensions.m in Sources */,
				66820CF01420BF3A00059755 /* NSDictionary_JSONExtensions.m in Sources */,
				66820CF31420BF3A00059755 /* NSScanner_Extensions.m in Sources */,
				66820CF61420BF3A00059755 /* CJSONDeserializer.m in Sources */,
				66820CF91420BF3A00059755 /* CJSONScanner.m in Sources */,
				66820CFC1420BF3A00059755 /* CJSONSerializer.m in Sources */,
				66820D001420BF3A00059755 /* main.m in Sources */,
				66820D031420BF3A00059755 /* AppDelegate.m in Sources */,
				66820D061420BF3A00059755 /* RootViewController.m in Sources */,
				66820D091420BF3A00059755 /* HelloWorldLayer.m in Sources */,
			);
			runOnlyForDeploymentPostprocessing = 0;
		};
/* End PBXSourcesBuildPhase section */

/* Begin XCBuildConfiguration section */
		66820D0B1420BF3A00059755 /* Debug */ = {
			isa = XCBuildConfiguration;
			buildSettings = {
				ARCHS = "$(ARCHS_STANDARD_32_BIT)";
				"CODE_SIGN_IDENTITY[sdk=iphoneos*]" = "iPhone Developer";
				GCC_C_LANGUAGE_STANDARD = gnu99;
				GCC_OPTIMIZATION_LEVEL = 0;
				GCC_PREPROCESSOR_DEFINITIONS = (
					DEBUG,
					"COCOS2D_DEBUG=1",
				);
				GCC_SYMBOLS_PRIVATE_EXTERN = NO;
				GCC_VERSION = com.apple.compilers.llvmgcc42;
				GCC_WARN_ABOUT_RETURN_TYPE = YES;
				GCC_WARN_UNUSED_VARIABLE = YES;
				IPHONEOS_DEPLOYMENT_TARGET = 4.3;
				SDKROOT = iphoneos;
			};
			name = Debug;
		};
		66820D0C1420BF3A00059755 /* Release */ = {
			isa = XCBuildConfiguration;
			buildSettings = {
				ARCHS = "$(ARCHS_STANDARD_32_BIT)";
				"CODE_SIGN_IDENTITY[sdk=iphoneos*]" = "iPhone Developer";
				GCC_C_LANGUAGE_STANDARD = gnu99;
				GCC_PREPROCESSOR_DEFINITIONS = NDEBUG;
				GCC_VERSION = com.apple.compilers.llvmgcc42;
				GCC_WARN_ABOUT_RETURN_TYPE = YES;
				GCC_WARN_UNUSED_VARIABLE = YES;
				IPHONEOS_DEPLOYMENT_TARGET = 4.3;
				OTHER_CFLAGS = "-DNS_BLOCK_ASSERTIONS=1";
				SDKROOT = iphoneos;
			};
			name = Release;
		};
		66820D0E1420BF3A00059755 /* Debug */ = {
			isa = XCBuildConfiguration;
			buildSettings = {
				ALWAYS_SEARCH_USER_PATHS = NO;
				COPY_PHASE_STRIP = NO;
				GCC_DYNAMIC_NO_PIC = NO;
				GCC_PRECOMPILE_PREFIX_HEADER = YES;
				GCC_PREFIX_HEADER = NDControlSliderExample/Prefix.pch;
				"GCC_THUMB_SUPPORT[arch=armv6]" = "";
				INFOPLIST_FILE = NDControlSliderExample/Resources/Info.plist;
				OTHER_LDFLAGS = "-lz";
				PRODUCT_NAME = "$(TARGET_NAME)";
				WRAPPER_EXTENSION = app;
			};
			name = Debug;
		};
		66820D0F1420BF3A00059755 /* Release */ = {
			isa = XCBuildConfiguration;
			buildSettings = {
				ALWAYS_SEARCH_USER_PATHS = NO;
				COPY_PHASE_STRIP = YES;
				GCC_PRECOMPILE_PREFIX_HEADER = YES;
				GCC_PREFIX_HEADER = NDControlSliderExample/Prefix.pch;
				"GCC_THUMB_SUPPORT[arch=armv6]" = "";
				INFOPLIST_FILE = NDControlSliderExample/Resources/Info.plist;
				OTHER_LDFLAGS = "-lz";
				PRODUCT_NAME = "$(TARGET_NAME)";
				VALIDATE_PRODUCT = YES;
				WRAPPER_EXTENSION = app;
			};
			name = Release;
		};
/* End XCBuildConfiguration section */

/* Begin XCConfigurationList section */
		66820B9B1420BF3500059755 /* Build configuration list for PBXProject "NDControlSliderExample" */ = {
			isa = XCConfigurationList;
			buildConfigurations = (
				66820D0B1420BF3A00059755 /* Debug */,
				66820D0C1420BF3A00059755 /* Release */,
			);
			defaultConfigurationIsVisible = 0;
			defaultConfigurationName = Release;
		};
		66820D0D1420BF3A00059755 /* Build configuration list for PBXNativeTarget "NDControlSliderExample" */ = {
			isa = XCConfigurationList;
			buildConfigurations = (
				66820D0E1420BF3A00059755 /* Debug */,
				66820D0F1420BF3A00059755 /* Release */,
			);
			defaultConfigurationIsVisible = 0;
		};
/* End XCConfigurationList section */
	};
	rootObject = 66820B981420BF3500059755 /* Project object */;
}
